
Microsoft Visual Studio Solution File, Format Version 12.00
# Visual Studio 14
VisualStudioVersion = 14.0.23107.0
MinimumVisualStudioVersion = 10.0.40219.1
Project("{FAE04EC0-301F-11D3-BF4B-00C04F79EFBC}") = "Calendars.Plugin", "Calendars\Calendars.Plugin\Calendars.Plugin.csproj", "{A6FCEF44-D2BA-42C7-B3CB-13667BCD7B54}"
EndProject
Project("{FAE04EC0-301F-11D3-BF4B-00C04F79EFBC}") = "Calendars.Plugin.Abstractions", "Calendars\Calendars.Plugin.Abstractions\Calendars.Plugin.Abstractions.csproj", "{6EDB0588-FFC5-4EF5-8A99-9E241D0F878D}"
EndProject
Project("{FAE04EC0-301F-11D3-BF4B-00C04F79EFBC}") = "Calendars.Plugin.iOS", "Calendars\Calendars.Plugin.iOS\Calendars.Plugin.iOS.csproj", "{D7F3AA16-8EF1-4924-9E0A-DAD4AB46B2EB}"
EndProject
Project("{FAE04EC0-301F-11D3-BF4B-00C04F79EFBC}") = "Calendars.Plugin.iOSUnified", "Calendars\Calendars.Plugin.iOSUnified\Calendars.Plugin.iOSUnified.csproj", "{2882AEEB-D4CD-4EB9-8A6C-6653B33681F0}"
EndProject
Project("{FAE04EC0-301F-11D3-BF4B-00C04F79EFBC}") = "Calendars.Plugin.Android", "Calendars\Calendars.Plugin.Android\Calendars.Plugin.Android.csproj", "{56A56F17-7DE1-4CA1-9617-BF32E971AC84}"
EndProject
Project("{FAE04EC0-301F-11D3-BF4B-00C04F79EFBC}") = "Calendars.Plugin.WindowsPhoneSL81", "Calendars\Calendars.Plugin.WindowsPhoneSL81\Calendars.Plugin.WindowsPhoneSL81.csproj", "{5876144B-47DD-4C4E-B421-BC03F191B996}"
EndProject
Project("{FAE04EC0-301F-11D3-BF4B-00C04F79EFBC}") = "Calendars.Plugin.WindowsPhone81", "Calendars\Calendars.Plugin.WindowsPhone81\Calendars.Plugin.WindowsPhone81.csproj", "{7169373F-0B82-4E5D-9129-7CC3065B90FA}"
EndProject
Project("{FAE04EC0-301F-11D3-BF4B-00C04F79EFBC}") = "Calendars.Plugin.WindowsStore", "Calendars\Calendars.Plugin.WindowsStore\Calendars.Plugin.WindowsStore.csproj", "{ED9A4CA1-C04C-457D-9A2E-7995CCF12356}"
EndProject
Project("{2150E333-8FDC-42A3-9474-1A3956D46DE8}") = "Tests", "Tests", "{A191414B-EAFA-42AF-953A-FEBA684922DB}"
EndProject
Project("{FAE04EC0-301F-11D3-BF4B-00C04F79EFBC}") = "Calendars.Plugin.WinPhoneSL81.Tests", "Tests\Calendars.Plugin.WinPhoneSL81.Tests\Calendars.Plugin.WinPhoneSL81.Tests.csproj", "{2D8BA8A7-F160-46B1-AFFD-78D29AECA2AB}"
EndProject
Project("{FAE04EC0-301F-11D3-BF4B-00C04F79EFBC}") = "Calendars.Plugin.WinPhone81.Tests", "Tests\Calendars.Plugin.WinPhone81.Tests\Calendars.Plugin.WinPhone81.Tests.csproj", "{9BFC3BC4-AA65-49FA-9BBD-5641D1FCAF3A}"
EndProject
Project("{FAE04EC0-301F-11D3-BF4B-00C04F79EFBC}") = "Calendars.Plugin.iOS.Tests", "Tests\Calendars.Plugin.iOS.Tests\Calendars.Plugin.iOS.Tests.csproj", "{1CF66238-8649-4857-82F5-80DB7CF30754}"
EndProject
Project("{FAE04EC0-301F-11D3-BF4B-00C04F79EFBC}") = "Calendars.Plugin.iOSUnified.Tests", "Tests\Calendars.Plugin.iOSUnified.Tests\Calendars.Plugin.iOSUnified.Tests.csproj", "{257D4DD7-575C-47A7-9781-2AA3D64F42CC}"
EndProject
Project("{FAE04EC0-301F-11D3-BF4B-00C04F79EFBC}") = "Calendars.Plugin.TestUtilities", "Tests\Calendars.Plugin.TestUtilities\Calendars.Plugin.TestUtilities.csproj", "{88CD6F84-4568-4DE2-A414-D05AD6C221B0}"
EndProject
Project("{FAE04EC0-301F-11D3-BF4B-00C04F79EFBC}") = "Calendars.Plugin.Android.Tests", "Tests\Calendars.Plugin.Android.Tests\Calendars.Plugin.Android.Tests.csproj", "{E6284EB0-BDB0-4D38-AFC4-ECDC7BFF6D6E}"
EndProject
Project("{2150E333-8FDC-42A3-9474-1A3956D46DE8}") = "Solution Items", "Solution Items", "{7F29F194-AA77-4115-B450-0A0F9EC2BAF1}"
	ProjectSection(SolutionItems) = preProject
		Calendars.Plugin.nuspec = Calendars.Plugin.nuspec
	EndProjectSection
EndProject
Project("{FAE04EC0-301F-11D3-BF4B-00C04F79EFBC}") = "Calendars.Plugin.UWP", "Calendars\Calendars.Plugin.UWP\Calendars.Plugin.UWP.csproj", "{75932C54-5006-4368-A61A-EF7F7AB216BD}"
EndProject
Project("{FAE04EC0-301F-11D3-BF4B-00C04F79EFBC}") = "Calendars.Plugin.UWP.Tests", "Tests\Calendars.Plugin.UWP.Tests\Calendars.Plugin.UWP.Tests.csproj", "{449591A6-F24A-437D-857A-212BEF68E4D2}"
EndProject
Global
	GlobalSection(SolutionConfigurationPlatforms) = preSolution
		Ad-Hoc|Android = Ad-Hoc|Android
		Ad-Hoc|Any CPU = Ad-Hoc|Any CPU
		Ad-Hoc|ARM = Ad-Hoc|ARM
		Ad-Hoc|iPhone = Ad-Hoc|iPhone
		Ad-Hoc|iPhoneSimulator = Ad-Hoc|iPhoneSimulator
		Ad-Hoc|Mixed Platforms = Ad-Hoc|Mixed Platforms
		Ad-Hoc|x64 = Ad-Hoc|x64
		Ad-Hoc|x86 = Ad-Hoc|x86
		AppStore|Android = AppStore|Android
		AppStore|Any CPU = AppStore|Any CPU
		AppStore|ARM = AppStore|ARM
		AppStore|iPhone = AppStore|iPhone
		AppStore|iPhoneSimulator = AppStore|iPhoneSimulator
		AppStore|Mixed Platforms = AppStore|Mixed Platforms
		AppStore|x64 = AppStore|x64
		AppStore|x86 = AppStore|x86
		Debug|Android = Debug|Android
		Debug|Any CPU = Debug|Any CPU
		Debug|ARM = Debug|ARM
		Debug|iPhone = Debug|iPhone
		Debug|iPhoneSimulator = Debug|iPhoneSimulator
		Debug|Mixed Platforms = Debug|Mixed Platforms
		Debug|x64 = Debug|x64
		Debug|x86 = Debug|x86
		Release|Android = Release|Android
		Release|Any CPU = Release|Any CPU
		Release|ARM = Release|ARM
		Release|iPhone = Release|iPhone
		Release|iPhoneSimulator = Release|iPhoneSimulator
		Release|Mixed Platforms = Release|Mixed Platforms
		Release|x64 = Release|x64
		Release|x86 = Release|x86
	EndGlobalSection
	GlobalSection(ProjectConfigurationPlatforms) = postSolution
		{A6FCEF44-D2BA-42C7-B3CB-13667BCD7B54}.Ad-Hoc|Android.ActiveCfg = Release|Any CPU
		{A6FCEF44-D2BA-42C7-B3CB-13667BCD7B54}.Ad-Hoc|Any CPU.ActiveCfg = Release|Any CPU
		{A6FCEF44-D2BA-42C7-B3CB-13667BCD7B54}.Ad-Hoc|Any CPU.Build.0 = Release|Any CPU
		{A6FCEF44-D2BA-42C7-B3CB-13667BCD7B54}.Ad-Hoc|ARM.ActiveCfg = Release|Any CPU
		{A6FCEF44-D2BA-42C7-B3CB-13667BCD7B54}.Ad-Hoc|iPhone.ActiveCfg = Release|Any CPU
		{A6FCEF44-D2BA-42C7-B3CB-13667BCD7B54}.Ad-Hoc|iPhoneSimulator.ActiveCfg = Release|Any CPU
		{A6FCEF44-D2BA-42C7-B3CB-13667BCD7B54}.Ad-Hoc|Mixed Platforms.ActiveCfg = Release|Any CPU
		{A6FCEF44-D2BA-42C7-B3CB-13667BCD7B54}.Ad-Hoc|Mixed Platforms.Build.0 = Release|Any CPU
		{A6FCEF44-D2BA-42C7-B3CB-13667BCD7B54}.Ad-Hoc|x64.ActiveCfg = Release|Any CPU
		{A6FCEF44-D2BA-42C7-B3CB-13667BCD7B54}.Ad-Hoc|x86.ActiveCfg = Release|Any CPU
		{A6FCEF44-D2BA-42C7-B3CB-13667BCD7B54}.AppStore|Android.ActiveCfg = Release|Any CPU
		{A6FCEF44-D2BA-42C7-B3CB-13667BCD7B54}.AppStore|Any CPU.ActiveCfg = Release|Any CPU
		{A6FCEF44-D2BA-42C7-B3CB-13667BCD7B54}.AppStore|Any CPU.Build.0 = Release|Any CPU
		{A6FCEF44-D2BA-42C7-B3CB-13667BCD7B54}.AppStore|ARM.ActiveCfg = Release|Any CPU
		{A6FCEF44-D2BA-42C7-B3CB-13667BCD7B54}.AppStore|iPhone.ActiveCfg = Release|Any CPU
		{A6FCEF44-D2BA-42C7-B3CB-13667BCD7B54}.AppStore|iPhoneSimulator.ActiveCfg = Release|Any CPU
		{A6FCEF44-D2BA-42C7-B3CB-13667BCD7B54}.AppStore|Mixed Platforms.ActiveCfg = Release|Any CPU
		{A6FCEF44-D2BA-42C7-B3CB-13667BCD7B54}.AppStore|Mixed Platforms.Build.0 = Release|Any CPU
		{A6FCEF44-D2BA-42C7-B3CB-13667BCD7B54}.AppStore|x64.ActiveCfg = Release|Any CPU
		{A6FCEF44-D2BA-42C7-B3CB-13667BCD7B54}.AppStore|x86.ActiveCfg = Release|Any CPU
		{A6FCEF44-D2BA-42C7-B3CB-13667BCD7B54}.Debug|Android.ActiveCfg = Debug|Any CPU
		{A6FCEF44-D2BA-42C7-B3CB-13667BCD7B54}.Debug|Android.Build.0 = Debug|Any CPU
		{A6FCEF44-D2BA-42C7-B3CB-13667BCD7B54}.Debug|Any CPU.ActiveCfg = Debug|Any CPU
		{A6FCEF44-D2BA-42C7-B3CB-13667BCD7B54}.Debug|Any CPU.Build.0 = Debug|Any CPU
		{A6FCEF44-D2BA-42C7-B3CB-13667BCD7B54}.Debug|ARM.ActiveCfg = Debug|Any CPU
		{A6FCEF44-D2BA-42C7-B3CB-13667BCD7B54}.Debug|iPhone.ActiveCfg = Debug|Any CPU
		{A6FCEF44-D2BA-42C7-B3CB-13667BCD7B54}.Debug|iPhoneSimulator.ActiveCfg = Debug|Any CPU
		{A6FCEF44-D2BA-42C7-B3CB-13667BCD7B54}.Debug|iPhoneSimulator.Build.0 = Debug|Any CPU
		{A6FCEF44-D2BA-42C7-B3CB-13667BCD7B54}.Debug|Mixed Platforms.ActiveCfg = Debug|Any CPU
		{A6FCEF44-D2BA-42C7-B3CB-13667BCD7B54}.Debug|Mixed Platforms.Build.0 = Debug|Any CPU
		{A6FCEF44-D2BA-42C7-B3CB-13667BCD7B54}.Debug|x64.ActiveCfg = Debug|Any CPU
		{A6FCEF44-D2BA-42C7-B3CB-13667BCD7B54}.Debug|x86.ActiveCfg = Debug|Any CPU
		{A6FCEF44-D2BA-42C7-B3CB-13667BCD7B54}.Release|Android.ActiveCfg = Release|Any CPU
		{A6FCEF44-D2BA-42C7-B3CB-13667BCD7B54}.Release|Android.Build.0 = Release|Any CPU
		{A6FCEF44-D2BA-42C7-B3CB-13667BCD7B54}.Release|Any CPU.ActiveCfg = Release|Any CPU
		{A6FCEF44-D2BA-42C7-B3CB-13667BCD7B54}.Release|Any CPU.Build.0 = Release|Any CPU
		{A6FCEF44-D2BA-42C7-B3CB-13667BCD7B54}.Release|ARM.ActiveCfg = Release|Any CPU
		{A6FCEF44-D2BA-42C7-B3CB-13667BCD7B54}.Release|iPhone.ActiveCfg = Release|Any CPU
		{A6FCEF44-D2BA-42C7-B3CB-13667BCD7B54}.Release|iPhoneSimulator.ActiveCfg = Release|Any CPU
		{A6FCEF44-D2BA-42C7-B3CB-13667BCD7B54}.Release|iPhoneSimulator.Build.0 = Release|Any CPU
		{A6FCEF44-D2BA-42C7-B3CB-13667BCD7B54}.Release|Mixed Platforms.ActiveCfg = Release|Any CPU
		{A6FCEF44-D2BA-42C7-B3CB-13667BCD7B54}.Release|Mixed Platforms.Build.0 = Release|Any CPU
		{A6FCEF44-D2BA-42C7-B3CB-13667BCD7B54}.Release|x64.ActiveCfg = Release|Any CPU
		{A6FCEF44-D2BA-42C7-B3CB-13667BCD7B54}.Release|x86.ActiveCfg = Release|Any CPU
		{6EDB0588-FFC5-4EF5-8A99-9E241D0F878D}.Ad-Hoc|Android.ActiveCfg = Release|Any CPU
		{6EDB0588-FFC5-4EF5-8A99-9E241D0F878D}.Ad-Hoc|Any CPU.ActiveCfg = Release|Any CPU
		{6EDB0588-FFC5-4EF5-8A99-9E241D0F878D}.Ad-Hoc|Any CPU.Build.0 = Release|Any CPU
		{6EDB0588-FFC5-4EF5-8A99-9E241D0F878D}.Ad-Hoc|ARM.ActiveCfg = Release|Any CPU
		{6EDB0588-FFC5-4EF5-8A99-9E241D0F878D}.Ad-Hoc|iPhone.ActiveCfg = Release|Any CPU
		{6EDB0588-FFC5-4EF5-8A99-9E241D0F878D}.Ad-Hoc|iPhoneSimulator.ActiveCfg = Release|Any CPU
		{6EDB0588-FFC5-4EF5-8A99-9E241D0F878D}.Ad-Hoc|Mixed Platforms.ActiveCfg = Release|Any CPU
		{6EDB0588-FFC5-4EF5-8A99-9E241D0F878D}.Ad-Hoc|Mixed Platforms.Build.0 = Release|Any CPU
		{6EDB0588-FFC5-4EF5-8A99-9E241D0F878D}.Ad-Hoc|x64.ActiveCfg = Release|Any CPU
		{6EDB0588-FFC5-4EF5-8A99-9E241D0F878D}.Ad-Hoc|x86.ActiveCfg = Release|Any CPU
		{6EDB0588-FFC5-4EF5-8A99-9E241D0F878D}.AppStore|Android.ActiveCfg = Release|Any CPU
		{6EDB0588-FFC5-4EF5-8A99-9E241D0F878D}.AppStore|Any CPU.ActiveCfg = Release|Any CPU
		{6EDB0588-FFC5-4EF5-8A99-9E241D0F878D}.AppStore|Any CPU.Build.0 = Release|Any CPU
		{6EDB0588-FFC5-4EF5-8A99-9E241D0F878D}.AppStore|ARM.ActiveCfg = Release|Any CPU
		{6EDB0588-FFC5-4EF5-8A99-9E241D0F878D}.AppStore|iPhone.ActiveCfg = Release|Any CPU
		{6EDB0588-FFC5-4EF5-8A99-9E241D0F878D}.AppStore|iPhoneSimulator.ActiveCfg = Release|Any CPU
		{6EDB0588-FFC5-4EF5-8A99-9E241D0F878D}.AppStore|Mixed Platforms.ActiveCfg = Release|Any CPU
		{6EDB0588-FFC5-4EF5-8A99-9E241D0F878D}.AppStore|Mixed Platforms.Build.0 = Release|Any CPU
		{6EDB0588-FFC5-4EF5-8A99-9E241D0F878D}.AppStore|x64.ActiveCfg = Release|Any CPU
		{6EDB0588-FFC5-4EF5-8A99-9E241D0F878D}.AppStore|x86.ActiveCfg = Release|Any CPU
		{6EDB0588-FFC5-4EF5-8A99-9E241D0F878D}.Debug|Android.ActiveCfg = Debug|Any CPU
		{6EDB0588-FFC5-4EF5-8A99-9E241D0F878D}.Debug|Android.Build.0 = Debug|Any CPU
		{6EDB0588-FFC5-4EF5-8A99-9E241D0F878D}.Debug|Any CPU.ActiveCfg = Debug|Any CPU
		{6EDB0588-FFC5-4EF5-8A99-9E241D0F878D}.Debug|Any CPU.Build.0 = Debug|Any CPU
		{6EDB0588-FFC5-4EF5-8A99-9E241D0F878D}.Debug|ARM.ActiveCfg = Debug|Any CPU
		{6EDB0588-FFC5-4EF5-8A99-9E241D0F878D}.Debug|iPhone.ActiveCfg = Debug|Any CPU
		{6EDB0588-FFC5-4EF5-8A99-9E241D0F878D}.Debug|iPhoneSimulator.ActiveCfg = Debug|Any CPU
		{6EDB0588-FFC5-4EF5-8A99-9E241D0F878D}.Debug|iPhoneSimulator.Build.0 = Debug|Any CPU
		{6EDB0588-FFC5-4EF5-8A99-9E241D0F878D}.Debug|Mixed Platforms.ActiveCfg = Debug|Any CPU
		{6EDB0588-FFC5-4EF5-8A99-9E241D0F878D}.Debug|Mixed Platforms.Build.0 = Debug|Any CPU
		{6EDB0588-FFC5-4EF5-8A99-9E241D0F878D}.Debug|x64.ActiveCfg = Debug|Any CPU
		{6EDB0588-FFC5-4EF5-8A99-9E241D0F878D}.Debug|x86.ActiveCfg = Debug|Any CPU
		{6EDB0588-FFC5-4EF5-8A99-9E241D0F878D}.Release|Android.ActiveCfg = Release|Any CPU
		{6EDB0588-FFC5-4EF5-8A99-9E241D0F878D}.Release|Android.Build.0 = Release|Any CPU
		{6EDB0588-FFC5-4EF5-8A99-9E241D0F878D}.Release|Any CPU.ActiveCfg = Release|Any CPU
		{6EDB0588-FFC5-4EF5-8A99-9E241D0F878D}.Release|Any CPU.Build.0 = Release|Any CPU
		{6EDB0588-FFC5-4EF5-8A99-9E241D0F878D}.Release|ARM.ActiveCfg = Release|Any CPU
		{6EDB0588-FFC5-4EF5-8A99-9E241D0F878D}.Release|iPhone.ActiveCfg = Release|Any CPU
		{6EDB0588-FFC5-4EF5-8A99-9E241D0F878D}.Release|iPhoneSimulator.ActiveCfg = Release|Any CPU
		{6EDB0588-FFC5-4EF5-8A99-9E241D0F878D}.Release|iPhoneSimulator.Build.0 = Release|Any CPU
		{6EDB0588-FFC5-4EF5-8A99-9E241D0F878D}.Release|Mixed Platforms.ActiveCfg = Release|Any CPU
		{6EDB0588-FFC5-4EF5-8A99-9E241D0F878D}.Release|Mixed Platforms.Build.0 = Release|Any CPU
		{6EDB0588-FFC5-4EF5-8A99-9E241D0F878D}.Release|x64.ActiveCfg = Release|Any CPU
		{6EDB0588-FFC5-4EF5-8A99-9E241D0F878D}.Release|x86.ActiveCfg = Release|Any CPU
		{D7F3AA16-8EF1-4924-9E0A-DAD4AB46B2EB}.Ad-Hoc|Android.ActiveCfg = Release|Any CPU
		{D7F3AA16-8EF1-4924-9E0A-DAD4AB46B2EB}.Ad-Hoc|Any CPU.ActiveCfg = Release|Any CPU
		{D7F3AA16-8EF1-4924-9E0A-DAD4AB46B2EB}.Ad-Hoc|Any CPU.Build.0 = Release|Any CPU
		{D7F3AA16-8EF1-4924-9E0A-DAD4AB46B2EB}.Ad-Hoc|ARM.ActiveCfg = Release|Any CPU
		{D7F3AA16-8EF1-4924-9E0A-DAD4AB46B2EB}.Ad-Hoc|iPhone.ActiveCfg = Release|Any CPU
		{D7F3AA16-8EF1-4924-9E0A-DAD4AB46B2EB}.Ad-Hoc|iPhoneSimulator.ActiveCfg = Release|Any CPU
		{D7F3AA16-8EF1-4924-9E0A-DAD4AB46B2EB}.Ad-Hoc|Mixed Platforms.ActiveCfg = Release|Any CPU
		{D7F3AA16-8EF1-4924-9E0A-DAD4AB46B2EB}.Ad-Hoc|Mixed Platforms.Build.0 = Release|Any CPU
		{D7F3AA16-8EF1-4924-9E0A-DAD4AB46B2EB}.Ad-Hoc|x64.ActiveCfg = Release|Any CPU
		{D7F3AA16-8EF1-4924-9E0A-DAD4AB46B2EB}.Ad-Hoc|x86.ActiveCfg = Release|Any CPU
		{D7F3AA16-8EF1-4924-9E0A-DAD4AB46B2EB}.AppStore|Android.ActiveCfg = Release|Any CPU
		{D7F3AA16-8EF1-4924-9E0A-DAD4AB46B2EB}.AppStore|Any CPU.ActiveCfg = Release|Any CPU
		{D7F3AA16-8EF1-4924-9E0A-DAD4AB46B2EB}.AppStore|Any CPU.Build.0 = Release|Any CPU
		{D7F3AA16-8EF1-4924-9E0A-DAD4AB46B2EB}.AppStore|ARM.ActiveCfg = Release|Any CPU
		{D7F3AA16-8EF1-4924-9E0A-DAD4AB46B2EB}.AppStore|iPhone.ActiveCfg = Release|Any CPU
		{D7F3AA16-8EF1-4924-9E0A-DAD4AB46B2EB}.AppStore|iPhoneSimulator.ActiveCfg = Release|Any CPU
		{D7F3AA16-8EF1-4924-9E0A-DAD4AB46B2EB}.AppStore|Mixed Platforms.ActiveCfg = Release|Any CPU
		{D7F3AA16-8EF1-4924-9E0A-DAD4AB46B2EB}.AppStore|Mixed Platforms.Build.0 = Release|Any CPU
		{D7F3AA16-8EF1-4924-9E0A-DAD4AB46B2EB}.AppStore|x64.ActiveCfg = Release|Any CPU
		{D7F3AA16-8EF1-4924-9E0A-DAD4AB46B2EB}.AppStore|x86.ActiveCfg = Release|Any CPU
		{D7F3AA16-8EF1-4924-9E0A-DAD4AB46B2EB}.Debug|Android.ActiveCfg = Debug|Any CPU
		{D7F3AA16-8EF1-4924-9E0A-DAD4AB46B2EB}.Debug|Any CPU.ActiveCfg = Debug|Any CPU
		{D7F3AA16-8EF1-4924-9E0A-DAD4AB46B2EB}.Debug|Any CPU.Build.0 = Debug|Any CPU
		{D7F3AA16-8EF1-4924-9E0A-DAD4AB46B2EB}.Debug|ARM.ActiveCfg = Debug|Any CPU
		{D7F3AA16-8EF1-4924-9E0A-DAD4AB46B2EB}.Debug|iPhone.ActiveCfg = Debug|Any CPU
		{D7F3AA16-8EF1-4924-9E0A-DAD4AB46B2EB}.Debug|iPhoneSimulator.ActiveCfg = Debug|Any CPU
		{D7F3AA16-8EF1-4924-9E0A-DAD4AB46B2EB}.Debug|iPhoneSimulator.Build.0 = Debug|Any CPU
		{D7F3AA16-8EF1-4924-9E0A-DAD4AB46B2EB}.Debug|Mixed Platforms.ActiveCfg = Debug|Any CPU
		{D7F3AA16-8EF1-4924-9E0A-DAD4AB46B2EB}.Debug|Mixed Platforms.Build.0 = Debug|Any CPU
		{D7F3AA16-8EF1-4924-9E0A-DAD4AB46B2EB}.Debug|x64.ActiveCfg = Debug|Any CPU
		{D7F3AA16-8EF1-4924-9E0A-DAD4AB46B2EB}.Debug|x86.ActiveCfg = Debug|Any CPU
		{D7F3AA16-8EF1-4924-9E0A-DAD4AB46B2EB}.Release|Android.ActiveCfg = Release|Any CPU
		{D7F3AA16-8EF1-4924-9E0A-DAD4AB46B2EB}.Release|Any CPU.ActiveCfg = Release|Any CPU
		{D7F3AA16-8EF1-4924-9E0A-DAD4AB46B2EB}.Release|Any CPU.Build.0 = Release|Any CPU
		{D7F3AA16-8EF1-4924-9E0A-DAD4AB46B2EB}.Release|ARM.ActiveCfg = Release|Any CPU
		{D7F3AA16-8EF1-4924-9E0A-DAD4AB46B2EB}.Release|iPhone.ActiveCfg = Release|Any CPU
		{D7F3AA16-8EF1-4924-9E0A-DAD4AB46B2EB}.Release|iPhoneSimulator.ActiveCfg = Release|Any CPU
		{D7F3AA16-8EF1-4924-9E0A-DAD4AB46B2EB}.Release|iPhoneSimulator.Build.0 = Release|Any CPU
		{D7F3AA16-8EF1-4924-9E0A-DAD4AB46B2EB}.Release|Mixed Platforms.ActiveCfg = Release|Any CPU
		{D7F3AA16-8EF1-4924-9E0A-DAD4AB46B2EB}.Release|Mixed Platforms.Build.0 = Release|Any CPU
		{D7F3AA16-8EF1-4924-9E0A-DAD4AB46B2EB}.Release|x64.ActiveCfg = Release|Any CPU
		{D7F3AA16-8EF1-4924-9E0A-DAD4AB46B2EB}.Release|x86.ActiveCfg = Release|Any CPU
		{2882AEEB-D4CD-4EB9-8A6C-6653B33681F0}.Ad-Hoc|Android.ActiveCfg = Release|Any CPU
		{2882AEEB-D4CD-4EB9-8A6C-6653B33681F0}.Ad-Hoc|Any CPU.ActiveCfg = Release|Any CPU
		{2882AEEB-D4CD-4EB9-8A6C-6653B33681F0}.Ad-Hoc|Any CPU.Build.0 = Release|Any CPU
		{2882AEEB-D4CD-4EB9-8A6C-6653B33681F0}.Ad-Hoc|ARM.ActiveCfg = Release|Any CPU
		{2882AEEB-D4CD-4EB9-8A6C-6653B33681F0}.Ad-Hoc|iPhone.ActiveCfg = Release|Any CPU
		{2882AEEB-D4CD-4EB9-8A6C-6653B33681F0}.Ad-Hoc|iPhoneSimulator.ActiveCfg = Release|Any CPU
		{2882AEEB-D4CD-4EB9-8A6C-6653B33681F0}.Ad-Hoc|Mixed Platforms.ActiveCfg = Release|Any CPU
		{2882AEEB-D4CD-4EB9-8A6C-6653B33681F0}.Ad-Hoc|Mixed Platforms.Build.0 = Release|Any CPU
		{2882AEEB-D4CD-4EB9-8A6C-6653B33681F0}.Ad-Hoc|x64.ActiveCfg = Release|Any CPU
		{2882AEEB-D4CD-4EB9-8A6C-6653B33681F0}.Ad-Hoc|x86.ActiveCfg = Release|Any CPU
		{2882AEEB-D4CD-4EB9-8A6C-6653B33681F0}.AppStore|Android.ActiveCfg = Release|Any CPU
		{2882AEEB-D4CD-4EB9-8A6C-6653B33681F0}.AppStore|Any CPU.ActiveCfg = Release|Any CPU
		{2882AEEB-D4CD-4EB9-8A6C-6653B33681F0}.AppStore|Any CPU.Build.0 = Release|Any CPU
		{2882AEEB-D4CD-4EB9-8A6C-6653B33681F0}.AppStore|ARM.ActiveCfg = Release|Any CPU
		{2882AEEB-D4CD-4EB9-8A6C-6653B33681F0}.AppStore|iPhone.ActiveCfg = Release|Any CPU
		{2882AEEB-D4CD-4EB9-8A6C-6653B33681F0}.AppStore|iPhoneSimulator.ActiveCfg = Release|Any CPU
		{2882AEEB-D4CD-4EB9-8A6C-6653B33681F0}.AppStore|Mixed Platforms.ActiveCfg = Release|Any CPU
		{2882AEEB-D4CD-4EB9-8A6C-6653B33681F0}.AppStore|Mixed Platforms.Build.0 = Release|Any CPU
		{2882AEEB-D4CD-4EB9-8A6C-6653B33681F0}.AppStore|x64.ActiveCfg = Release|Any CPU
		{2882AEEB-D4CD-4EB9-8A6C-6653B33681F0}.AppStore|x86.ActiveCfg = Release|Any CPU
		{2882AEEB-D4CD-4EB9-8A6C-6653B33681F0}.Debug|Android.ActiveCfg = Debug|Any CPU
		{2882AEEB-D4CD-4EB9-8A6C-6653B33681F0}.Debug|Any CPU.ActiveCfg = Debug|Any CPU
		{2882AEEB-D4CD-4EB9-8A6C-6653B33681F0}.Debug|Any CPU.Build.0 = Debug|Any CPU
		{2882AEEB-D4CD-4EB9-8A6C-6653B33681F0}.Debug|ARM.ActiveCfg = Debug|Any CPU
		{2882AEEB-D4CD-4EB9-8A6C-6653B33681F0}.Debug|iPhone.ActiveCfg = Debug|Any CPU
		{2882AEEB-D4CD-4EB9-8A6C-6653B33681F0}.Debug|iPhoneSimulator.ActiveCfg = Debug|Any CPU
		{2882AEEB-D4CD-4EB9-8A6C-6653B33681F0}.Debug|iPhoneSimulator.Build.0 = Debug|Any CPU
		{2882AEEB-D4CD-4EB9-8A6C-6653B33681F0}.Debug|Mixed Platforms.ActiveCfg = Debug|Any CPU
		{2882AEEB-D4CD-4EB9-8A6C-6653B33681F0}.Debug|Mixed Platforms.Build.0 = Debug|Any CPU
		{2882AEEB-D4CD-4EB9-8A6C-6653B33681F0}.Debug|x64.ActiveCfg = Debug|Any CPU
		{2882AEEB-D4CD-4EB9-8A6C-6653B33681F0}.Debug|x86.ActiveCfg = Debug|Any CPU
		{2882AEEB-D4CD-4EB9-8A6C-6653B33681F0}.Release|Android.ActiveCfg = Release|Any CPU
		{2882AEEB-D4CD-4EB9-8A6C-6653B33681F0}.Release|Any CPU.ActiveCfg = Release|Any CPU
		{2882AEEB-D4CD-4EB9-8A6C-6653B33681F0}.Release|Any CPU.Build.0 = Release|Any CPU
		{2882AEEB-D4CD-4EB9-8A6C-6653B33681F0}.Release|ARM.ActiveCfg = Release|Any CPU
		{2882AEEB-D4CD-4EB9-8A6C-6653B33681F0}.Release|iPhone.ActiveCfg = Release|Any CPU
		{2882AEEB-D4CD-4EB9-8A6C-6653B33681F0}.Release|iPhoneSimulator.ActiveCfg = Release|Any CPU
		{2882AEEB-D4CD-4EB9-8A6C-6653B33681F0}.Release|iPhoneSimulator.Build.0 = Release|Any CPU
		{2882AEEB-D4CD-4EB9-8A6C-6653B33681F0}.Release|Mixed Platforms.ActiveCfg = Release|Any CPU
		{2882AEEB-D4CD-4EB9-8A6C-6653B33681F0}.Release|Mixed Platforms.Build.0 = Release|Any CPU
		{2882AEEB-D4CD-4EB9-8A6C-6653B33681F0}.Release|x64.ActiveCfg = Release|Any CPU
		{2882AEEB-D4CD-4EB9-8A6C-6653B33681F0}.Release|x86.ActiveCfg = Release|Any CPU
		{56A56F17-7DE1-4CA1-9617-BF32E971AC84}.Ad-Hoc|Android.ActiveCfg = Release|Any CPU
		{56A56F17-7DE1-4CA1-9617-BF32E971AC84}.Ad-Hoc|Any CPU.ActiveCfg = Release|Any CPU
		{56A56F17-7DE1-4CA1-9617-BF32E971AC84}.Ad-Hoc|ARM.ActiveCfg = Release|Any CPU
		{56A56F17-7DE1-4CA1-9617-BF32E971AC84}.Ad-Hoc|iPhone.ActiveCfg = Release|Any CPU
		{56A56F17-7DE1-4CA1-9617-BF32E971AC84}.Ad-Hoc|iPhoneSimulator.ActiveCfg = Release|Any CPU
		{56A56F17-7DE1-4CA1-9617-BF32E971AC84}.Ad-Hoc|Mixed Platforms.ActiveCfg = Release|Any CPU
		{56A56F17-7DE1-4CA1-9617-BF32E971AC84}.Ad-Hoc|x64.ActiveCfg = Release|Any CPU
		{56A56F17-7DE1-4CA1-9617-BF32E971AC84}.Ad-Hoc|x86.ActiveCfg = Release|Any CPU
		{56A56F17-7DE1-4CA1-9617-BF32E971AC84}.AppStore|Android.ActiveCfg = Release|Any CPU
		{56A56F17-7DE1-4CA1-9617-BF32E971AC84}.AppStore|Any CPU.ActiveCfg = Release|Any CPU
		{56A56F17-7DE1-4CA1-9617-BF32E971AC84}.AppStore|ARM.ActiveCfg = Release|Any CPU
		{56A56F17-7DE1-4CA1-9617-BF32E971AC84}.AppStore|iPhone.ActiveCfg = Release|Any CPU
		{56A56F17-7DE1-4CA1-9617-BF32E971AC84}.AppStore|iPhoneSimulator.ActiveCfg = Release|Any CPU
		{56A56F17-7DE1-4CA1-9617-BF32E971AC84}.AppStore|Mixed Platforms.ActiveCfg = Release|Any CPU
		{56A56F17-7DE1-4CA1-9617-BF32E971AC84}.AppStore|x64.ActiveCfg = Release|Any CPU
		{56A56F17-7DE1-4CA1-9617-BF32E971AC84}.AppStore|x86.ActiveCfg = Release|Any CPU
		{56A56F17-7DE1-4CA1-9617-BF32E971AC84}.Debug|Android.ActiveCfg = Debug|Any CPU
		{56A56F17-7DE1-4CA1-9617-BF32E971AC84}.Debug|Android.Build.0 = Debug|Any CPU
		{56A56F17-7DE1-4CA1-9617-BF32E971AC84}.Debug|Any CPU.ActiveCfg = Debug|Any CPU
		{56A56F17-7DE1-4CA1-9617-BF32E971AC84}.Debug|ARM.ActiveCfg = Debug|Any CPU
		{56A56F17-7DE1-4CA1-9617-BF32E971AC84}.Debug|iPhone.ActiveCfg = Debug|Any CPU
		{56A56F17-7DE1-4CA1-9617-BF32E971AC84}.Debug|iPhoneSimulator.ActiveCfg = Debug|Any CPU
		{56A56F17-7DE1-4CA1-9617-BF32E971AC84}.Debug|Mixed Platforms.ActiveCfg = Debug|Any CPU
		{56A56F17-7DE1-4CA1-9617-BF32E971AC84}.Debug|x64.ActiveCfg = Debug|Any CPU
		{56A56F17-7DE1-4CA1-9617-BF32E971AC84}.Debug|x86.ActiveCfg = Debug|Any CPU
		{56A56F17-7DE1-4CA1-9617-BF32E971AC84}.Release|Android.ActiveCfg = Release|Any CPU
		{56A56F17-7DE1-4CA1-9617-BF32E971AC84}.Release|Android.Build.0 = Release|Any CPU
		{56A56F17-7DE1-4CA1-9617-BF32E971AC84}.Release|Any CPU.ActiveCfg = Release|Any CPU
		{56A56F17-7DE1-4CA1-9617-BF32E971AC84}.Release|ARM.ActiveCfg = Release|Any CPU
		{56A56F17-7DE1-4CA1-9617-BF32E971AC84}.Release|iPhone.ActiveCfg = Release|Any CPU
		{56A56F17-7DE1-4CA1-9617-BF32E971AC84}.Release|iPhoneSimulator.ActiveCfg = Release|Any CPU
		{56A56F17-7DE1-4CA1-9617-BF32E971AC84}.Release|Mixed Platforms.ActiveCfg = Release|Any CPU
		{56A56F17-7DE1-4CA1-9617-BF32E971AC84}.Release|x64.ActiveCfg = Release|Any CPU
		{56A56F17-7DE1-4CA1-9617-BF32E971AC84}.Release|x86.ActiveCfg = Release|Any CPU
		{5876144B-47DD-4C4E-B421-BC03F191B996}.Ad-Hoc|Android.ActiveCfg = Release|x86
		{5876144B-47DD-4C4E-B421-BC03F191B996}.Ad-Hoc|Any CPU.ActiveCfg = Release|Any CPU
		{5876144B-47DD-4C4E-B421-BC03F191B996}.Ad-Hoc|Any CPU.Build.0 = Release|Any CPU
		{5876144B-47DD-4C4E-B421-BC03F191B996}.Ad-Hoc|ARM.ActiveCfg = Release|ARM
		{5876144B-47DD-4C4E-B421-BC03F191B996}.Ad-Hoc|ARM.Build.0 = Release|ARM
		{5876144B-47DD-4C4E-B421-BC03F191B996}.Ad-Hoc|iPhone.ActiveCfg = Release|Any CPU
		{5876144B-47DD-4C4E-B421-BC03F191B996}.Ad-Hoc|iPhoneSimulator.ActiveCfg = Release|Any CPU
		{5876144B-47DD-4C4E-B421-BC03F191B996}.Ad-Hoc|Mixed Platforms.ActiveCfg = Release|x86
		{5876144B-47DD-4C4E-B421-BC03F191B996}.Ad-Hoc|Mixed Platforms.Build.0 = Release|x86
		{5876144B-47DD-4C4E-B421-BC03F191B996}.Ad-Hoc|x64.ActiveCfg = Release|Any CPU
		{5876144B-47DD-4C4E-B421-BC03F191B996}.Ad-Hoc|x86.ActiveCfg = Release|x86
		{5876144B-47DD-4C4E-B421-BC03F191B996}.Ad-Hoc|x86.Build.0 = Release|x86
		{5876144B-47DD-4C4E-B421-BC03F191B996}.AppStore|Android.ActiveCfg = Release|x86
		{5876144B-47DD-4C4E-B421-BC03F191B996}.AppStore|Any CPU.ActiveCfg = Release|Any CPU
		{5876144B-47DD-4C4E-B421-BC03F191B996}.AppStore|Any CPU.Build.0 = Release|Any CPU
		{5876144B-47DD-4C4E-B421-BC03F191B996}.AppStore|ARM.ActiveCfg = Release|ARM
		{5876144B-47DD-4C4E-B421-BC03F191B996}.AppStore|ARM.Build.0 = Release|ARM
		{5876144B-47DD-4C4E-B421-BC03F191B996}.AppStore|iPhone.ActiveCfg = Release|Any CPU
		{5876144B-47DD-4C4E-B421-BC03F191B996}.AppStore|iPhoneSimulator.ActiveCfg = Release|Any CPU
		{5876144B-47DD-4C4E-B421-BC03F191B996}.AppStore|Mixed Platforms.ActiveCfg = Release|x86
		{5876144B-47DD-4C4E-B421-BC03F191B996}.AppStore|Mixed Platforms.Build.0 = Release|x86
		{5876144B-47DD-4C4E-B421-BC03F191B996}.AppStore|x64.ActiveCfg = Release|Any CPU
		{5876144B-47DD-4C4E-B421-BC03F191B996}.AppStore|x86.ActiveCfg = Release|x86
		{5876144B-47DD-4C4E-B421-BC03F191B996}.AppStore|x86.Build.0 = Release|x86
		{5876144B-47DD-4C4E-B421-BC03F191B996}.Debug|Android.ActiveCfg = Debug|x86
		{5876144B-47DD-4C4E-B421-BC03F191B996}.Debug|Any CPU.ActiveCfg = Debug|Any CPU
		{5876144B-47DD-4C4E-B421-BC03F191B996}.Debug|Any CPU.Build.0 = Debug|Any CPU
		{5876144B-47DD-4C4E-B421-BC03F191B996}.Debug|ARM.ActiveCfg = Debug|ARM
		{5876144B-47DD-4C4E-B421-BC03F191B996}.Debug|ARM.Build.0 = Debug|ARM
		{5876144B-47DD-4C4E-B421-BC03F191B996}.Debug|iPhone.ActiveCfg = Debug|Any CPU
		{5876144B-47DD-4C4E-B421-BC03F191B996}.Debug|iPhoneSimulator.ActiveCfg = Debug|Any CPU
		{5876144B-47DD-4C4E-B421-BC03F191B996}.Debug|Mixed Platforms.ActiveCfg = Debug|x86
		{5876144B-47DD-4C4E-B421-BC03F191B996}.Debug|Mixed Platforms.Build.0 = Debug|x86
		{5876144B-47DD-4C4E-B421-BC03F191B996}.Debug|x64.ActiveCfg = Debug|Any CPU
		{5876144B-47DD-4C4E-B421-BC03F191B996}.Debug|x86.ActiveCfg = Debug|x86
		{5876144B-47DD-4C4E-B421-BC03F191B996}.Debug|x86.Build.0 = Debug|x86
		{5876144B-47DD-4C4E-B421-BC03F191B996}.Release|Android.ActiveCfg = Release|x86
		{5876144B-47DD-4C4E-B421-BC03F191B996}.Release|Any CPU.ActiveCfg = Release|Any CPU
		{5876144B-47DD-4C4E-B421-BC03F191B996}.Release|Any CPU.Build.0 = Release|Any CPU
		{5876144B-47DD-4C4E-B421-BC03F191B996}.Release|ARM.ActiveCfg = Release|ARM
		{5876144B-47DD-4C4E-B421-BC03F191B996}.Release|ARM.Build.0 = Release|ARM
		{5876144B-47DD-4C4E-B421-BC03F191B996}.Release|iPhone.ActiveCfg = Release|Any CPU
		{5876144B-47DD-4C4E-B421-BC03F191B996}.Release|iPhoneSimulator.ActiveCfg = Release|Any CPU
		{5876144B-47DD-4C4E-B421-BC03F191B996}.Release|Mixed Platforms.ActiveCfg = Release|x86
		{5876144B-47DD-4C4E-B421-BC03F191B996}.Release|Mixed Platforms.Build.0 = Release|x86
		{5876144B-47DD-4C4E-B421-BC03F191B996}.Release|x64.ActiveCfg = Release|Any CPU
		{5876144B-47DD-4C4E-B421-BC03F191B996}.Release|x86.ActiveCfg = Release|x86
		{5876144B-47DD-4C4E-B421-BC03F191B996}.Release|x86.Build.0 = Release|x86
		{7169373F-0B82-4E5D-9129-7CC3065B90FA}.Ad-Hoc|Android.ActiveCfg = Release|x86
		{7169373F-0B82-4E5D-9129-7CC3065B90FA}.Ad-Hoc|Any CPU.ActiveCfg = Release|Any CPU
		{7169373F-0B82-4E5D-9129-7CC3065B90FA}.Ad-Hoc|Any CPU.Build.0 = Release|Any CPU
		{7169373F-0B82-4E5D-9129-7CC3065B90FA}.Ad-Hoc|ARM.ActiveCfg = Release|ARM
		{7169373F-0B82-4E5D-9129-7CC3065B90FA}.Ad-Hoc|ARM.Build.0 = Release|ARM
		{7169373F-0B82-4E5D-9129-7CC3065B90FA}.Ad-Hoc|iPhone.ActiveCfg = Release|Any CPU
		{7169373F-0B82-4E5D-9129-7CC3065B90FA}.Ad-Hoc|iPhoneSimulator.ActiveCfg = Release|Any CPU
		{7169373F-0B82-4E5D-9129-7CC3065B90FA}.Ad-Hoc|Mixed Platforms.ActiveCfg = Release|x86
		{7169373F-0B82-4E5D-9129-7CC3065B90FA}.Ad-Hoc|Mixed Platforms.Build.0 = Release|x86
		{7169373F-0B82-4E5D-9129-7CC3065B90FA}.Ad-Hoc|x64.ActiveCfg = Release|Any CPU
		{7169373F-0B82-4E5D-9129-7CC3065B90FA}.Ad-Hoc|x86.ActiveCfg = Release|x86
		{7169373F-0B82-4E5D-9129-7CC3065B90FA}.Ad-Hoc|x86.Build.0 = Release|x86
		{7169373F-0B82-4E5D-9129-7CC3065B90FA}.AppStore|Android.ActiveCfg = Release|x86
		{7169373F-0B82-4E5D-9129-7CC3065B90FA}.AppStore|Any CPU.ActiveCfg = Release|Any CPU
		{7169373F-0B82-4E5D-9129-7CC3065B90FA}.AppStore|Any CPU.Build.0 = Release|Any CPU
		{7169373F-0B82-4E5D-9129-7CC3065B90FA}.AppStore|ARM.ActiveCfg = Release|ARM
		{7169373F-0B82-4E5D-9129-7CC3065B90FA}.AppStore|ARM.Build.0 = Release|ARM
		{7169373F-0B82-4E5D-9129-7CC3065B90FA}.AppStore|iPhone.ActiveCfg = Release|Any CPU
		{7169373F-0B82-4E5D-9129-7CC3065B90FA}.AppStore|iPhoneSimulator.ActiveCfg = Release|Any CPU
		{7169373F-0B82-4E5D-9129-7CC3065B90FA}.AppStore|Mixed Platforms.ActiveCfg = Release|x86
		{7169373F-0B82-4E5D-9129-7CC3065B90FA}.AppStore|Mixed Platforms.Build.0 = Release|x86
		{7169373F-0B82-4E5D-9129-7CC3065B90FA}.AppStore|x64.ActiveCfg = Release|Any CPU
		{7169373F-0B82-4E5D-9129-7CC3065B90FA}.AppStore|x86.ActiveCfg = Release|x86
		{7169373F-0B82-4E5D-9129-7CC3065B90FA}.AppStore|x86.Build.0 = Release|x86
		{7169373F-0B82-4E5D-9129-7CC3065B90FA}.Debug|Android.ActiveCfg = Debug|x86
		{7169373F-0B82-4E5D-9129-7CC3065B90FA}.Debug|Any CPU.ActiveCfg = Debug|Any CPU
		{7169373F-0B82-4E5D-9129-7CC3065B90FA}.Debug|Any CPU.Build.0 = Debug|Any CPU
		{7169373F-0B82-4E5D-9129-7CC3065B90FA}.Debug|ARM.ActiveCfg = Debug|ARM
		{7169373F-0B82-4E5D-9129-7CC3065B90FA}.Debug|ARM.Build.0 = Debug|ARM
		{7169373F-0B82-4E5D-9129-7CC3065B90FA}.Debug|iPhone.ActiveCfg = Debug|Any CPU
		{7169373F-0B82-4E5D-9129-7CC3065B90FA}.Debug|iPhoneSimulator.ActiveCfg = Debug|Any CPU
		{7169373F-0B82-4E5D-9129-7CC3065B90FA}.Debug|Mixed Platforms.ActiveCfg = Debug|x86
		{7169373F-0B82-4E5D-9129-7CC3065B90FA}.Debug|Mixed Platforms.Build.0 = Debug|x86
		{7169373F-0B82-4E5D-9129-7CC3065B90FA}.Debug|x64.ActiveCfg = Debug|Any CPU
		{7169373F-0B82-4E5D-9129-7CC3065B90FA}.Debug|x86.ActiveCfg = Debug|x86
		{7169373F-0B82-4E5D-9129-7CC3065B90FA}.Debug|x86.Build.0 = Debug|x86
		{7169373F-0B82-4E5D-9129-7CC3065B90FA}.Release|Android.ActiveCfg = Release|x86
		{7169373F-0B82-4E5D-9129-7CC3065B90FA}.Release|Any CPU.ActiveCfg = Release|Any CPU
		{7169373F-0B82-4E5D-9129-7CC3065B90FA}.Release|Any CPU.Build.0 = Release|Any CPU
		{7169373F-0B82-4E5D-9129-7CC3065B90FA}.Release|ARM.ActiveCfg = Release|ARM
		{7169373F-0B82-4E5D-9129-7CC3065B90FA}.Release|ARM.Build.0 = Release|ARM
		{7169373F-0B82-4E5D-9129-7CC3065B90FA}.Release|iPhone.ActiveCfg = Release|Any CPU
		{7169373F-0B82-4E5D-9129-7CC3065B90FA}.Release|iPhoneSimulator.ActiveCfg = Release|Any CPU
		{7169373F-0B82-4E5D-9129-7CC3065B90FA}.Release|Mixed Platforms.ActiveCfg = Release|x86
		{7169373F-0B82-4E5D-9129-7CC3065B90FA}.Release|Mixed Platforms.Build.0 = Release|x86
		{7169373F-0B82-4E5D-9129-7CC3065B90FA}.Release|x64.ActiveCfg = Release|Any CPU
		{7169373F-0B82-4E5D-9129-7CC3065B90FA}.Release|x86.ActiveCfg = Release|x86
		{7169373F-0B82-4E5D-9129-7CC3065B90FA}.Release|x86.Build.0 = Release|x86
		{ED9A4CA1-C04C-457D-9A2E-7995CCF12356}.Ad-Hoc|Android.ActiveCfg = Release|x86
		{ED9A4CA1-C04C-457D-9A2E-7995CCF12356}.Ad-Hoc|Any CPU.ActiveCfg = Release|Any CPU
		{ED9A4CA1-C04C-457D-9A2E-7995CCF12356}.Ad-Hoc|Any CPU.Build.0 = Release|Any CPU
		{ED9A4CA1-C04C-457D-9A2E-7995CCF12356}.Ad-Hoc|ARM.ActiveCfg = Release|ARM
		{ED9A4CA1-C04C-457D-9A2E-7995CCF12356}.Ad-Hoc|ARM.Build.0 = Release|ARM
		{ED9A4CA1-C04C-457D-9A2E-7995CCF12356}.Ad-Hoc|iPhone.ActiveCfg = Release|Any CPU
		{ED9A4CA1-C04C-457D-9A2E-7995CCF12356}.Ad-Hoc|iPhoneSimulator.ActiveCfg = Release|Any CPU
		{ED9A4CA1-C04C-457D-9A2E-7995CCF12356}.Ad-Hoc|Mixed Platforms.ActiveCfg = Release|x86
		{ED9A4CA1-C04C-457D-9A2E-7995CCF12356}.Ad-Hoc|Mixed Platforms.Build.0 = Release|x86
		{ED9A4CA1-C04C-457D-9A2E-7995CCF12356}.Ad-Hoc|x64.ActiveCfg = Release|x64
		{ED9A4CA1-C04C-457D-9A2E-7995CCF12356}.Ad-Hoc|x64.Build.0 = Release|x64
		{ED9A4CA1-C04C-457D-9A2E-7995CCF12356}.Ad-Hoc|x86.ActiveCfg = Release|x86
		{ED9A4CA1-C04C-457D-9A2E-7995CCF12356}.Ad-Hoc|x86.Build.0 = Release|x86
		{ED9A4CA1-C04C-457D-9A2E-7995CCF12356}.AppStore|Android.ActiveCfg = Release|x86
		{ED9A4CA1-C04C-457D-9A2E-7995CCF12356}.AppStore|Any CPU.ActiveCfg = Release|Any CPU
		{ED9A4CA1-C04C-457D-9A2E-7995CCF12356}.AppStore|Any CPU.Build.0 = Release|Any CPU
		{ED9A4CA1-C04C-457D-9A2E-7995CCF12356}.AppStore|ARM.ActiveCfg = Release|ARM
		{ED9A4CA1-C04C-457D-9A2E-7995CCF12356}.AppStore|ARM.Build.0 = Release|ARM
		{ED9A4CA1-C04C-457D-9A2E-7995CCF12356}.AppStore|iPhone.ActiveCfg = Release|Any CPU
		{ED9A4CA1-C04C-457D-9A2E-7995CCF12356}.AppStore|iPhoneSimulator.ActiveCfg = Release|Any CPU
		{ED9A4CA1-C04C-457D-9A2E-7995CCF12356}.AppStore|Mixed Platforms.ActiveCfg = Release|x86
		{ED9A4CA1-C04C-457D-9A2E-7995CCF12356}.AppStore|Mixed Platforms.Build.0 = Release|x86
		{ED9A4CA1-C04C-457D-9A2E-7995CCF12356}.AppStore|x64.ActiveCfg = Release|x64
		{ED9A4CA1-C04C-457D-9A2E-7995CCF12356}.AppStore|x64.Build.0 = Release|x64
		{ED9A4CA1-C04C-457D-9A2E-7995CCF12356}.AppStore|x86.ActiveCfg = Release|x86
		{ED9A4CA1-C04C-457D-9A2E-7995CCF12356}.AppStore|x86.Build.0 = Release|x86
		{ED9A4CA1-C04C-457D-9A2E-7995CCF12356}.Debug|Android.ActiveCfg = Debug|x86
		{ED9A4CA1-C04C-457D-9A2E-7995CCF12356}.Debug|Any CPU.ActiveCfg = Debug|Any CPU
		{ED9A4CA1-C04C-457D-9A2E-7995CCF12356}.Debug|Any CPU.Build.0 = Debug|Any CPU
		{ED9A4CA1-C04C-457D-9A2E-7995CCF12356}.Debug|ARM.ActiveCfg = Debug|ARM
		{ED9A4CA1-C04C-457D-9A2E-7995CCF12356}.Debug|ARM.Build.0 = Debug|ARM
		{ED9A4CA1-C04C-457D-9A2E-7995CCF12356}.Debug|iPhone.ActiveCfg = Debug|Any CPU
		{ED9A4CA1-C04C-457D-9A2E-7995CCF12356}.Debug|iPhoneSimulator.ActiveCfg = Debug|Any CPU
		{ED9A4CA1-C04C-457D-9A2E-7995CCF12356}.Debug|Mixed Platforms.ActiveCfg = Debug|x86
		{ED9A4CA1-C04C-457D-9A2E-7995CCF12356}.Debug|Mixed Platforms.Build.0 = Debug|x86
		{ED9A4CA1-C04C-457D-9A2E-7995CCF12356}.Debug|x64.ActiveCfg = Debug|x64
		{ED9A4CA1-C04C-457D-9A2E-7995CCF12356}.Debug|x64.Build.0 = Debug|x64
		{ED9A4CA1-C04C-457D-9A2E-7995CCF12356}.Debug|x86.ActiveCfg = Debug|x86
		{ED9A4CA1-C04C-457D-9A2E-7995CCF12356}.Debug|x86.Build.0 = Debug|x86
		{ED9A4CA1-C04C-457D-9A2E-7995CCF12356}.Release|Android.ActiveCfg = Release|x86
		{ED9A4CA1-C04C-457D-9A2E-7995CCF12356}.Release|Any CPU.ActiveCfg = Release|Any CPU
		{ED9A4CA1-C04C-457D-9A2E-7995CCF12356}.Release|Any CPU.Build.0 = Release|Any CPU
		{ED9A4CA1-C04C-457D-9A2E-7995CCF12356}.Release|ARM.ActiveCfg = Release|ARM
		{ED9A4CA1-C04C-457D-9A2E-7995CCF12356}.Release|ARM.Build.0 = Release|ARM
		{ED9A4CA1-C04C-457D-9A2E-7995CCF12356}.Release|iPhone.ActiveCfg = Release|Any CPU
		{ED9A4CA1-C04C-457D-9A2E-7995CCF12356}.Release|iPhoneSimulator.ActiveCfg = Release|Any CPU
		{ED9A4CA1-C04C-457D-9A2E-7995CCF12356}.Release|Mixed Platforms.ActiveCfg = Release|x86
		{ED9A4CA1-C04C-457D-9A2E-7995CCF12356}.Release|Mixed Platforms.Build.0 = Release|x86
		{ED9A4CA1-C04C-457D-9A2E-7995CCF12356}.Release|x64.ActiveCfg = Release|x64
		{ED9A4CA1-C04C-457D-9A2E-7995CCF12356}.Release|x64.Build.0 = Release|x64
		{ED9A4CA1-C04C-457D-9A2E-7995CCF12356}.Release|x86.ActiveCfg = Release|x86
		{ED9A4CA1-C04C-457D-9A2E-7995CCF12356}.Release|x86.Build.0 = Release|x86
		{2D8BA8A7-F160-46B1-AFFD-78D29AECA2AB}.Ad-Hoc|Android.ActiveCfg = Release|x86
		{2D8BA8A7-F160-46B1-AFFD-78D29AECA2AB}.Ad-Hoc|Any CPU.ActiveCfg = Release|x86
		{2D8BA8A7-F160-46B1-AFFD-78D29AECA2AB}.Ad-Hoc|ARM.ActiveCfg = Release|ARM
		{2D8BA8A7-F160-46B1-AFFD-78D29AECA2AB}.Ad-Hoc|ARM.Build.0 = Release|ARM
		{2D8BA8A7-F160-46B1-AFFD-78D29AECA2AB}.Ad-Hoc|ARM.Deploy.0 = Release|ARM
		{2D8BA8A7-F160-46B1-AFFD-78D29AECA2AB}.Ad-Hoc|iPhone.ActiveCfg = Release|x86
		{2D8BA8A7-F160-46B1-AFFD-78D29AECA2AB}.Ad-Hoc|iPhoneSimulator.ActiveCfg = Release|x86
		{2D8BA8A7-F160-46B1-AFFD-78D29AECA2AB}.Ad-Hoc|Mixed Platforms.ActiveCfg = Release|x86
		{2D8BA8A7-F160-46B1-AFFD-78D29AECA2AB}.Ad-Hoc|Mixed Platforms.Build.0 = Release|x86
		{2D8BA8A7-F160-46B1-AFFD-78D29AECA2AB}.Ad-Hoc|Mixed Platforms.Deploy.0 = Release|x86
		{2D8BA8A7-F160-46B1-AFFD-78D29AECA2AB}.Ad-Hoc|x64.ActiveCfg = Release|x86
		{2D8BA8A7-F160-46B1-AFFD-78D29AECA2AB}.Ad-Hoc|x86.ActiveCfg = Release|x86
		{2D8BA8A7-F160-46B1-AFFD-78D29AECA2AB}.Ad-Hoc|x86.Build.0 = Release|x86
		{2D8BA8A7-F160-46B1-AFFD-78D29AECA2AB}.Ad-Hoc|x86.Deploy.0 = Release|x86
		{2D8BA8A7-F160-46B1-AFFD-78D29AECA2AB}.AppStore|Android.ActiveCfg = Release|x86
		{2D8BA8A7-F160-46B1-AFFD-78D29AECA2AB}.AppStore|Any CPU.ActiveCfg = Release|x86
		{2D8BA8A7-F160-46B1-AFFD-78D29AECA2AB}.AppStore|ARM.ActiveCfg = Release|ARM
		{2D8BA8A7-F160-46B1-AFFD-78D29AECA2AB}.AppStore|ARM.Build.0 = Release|ARM
		{2D8BA8A7-F160-46B1-AFFD-78D29AECA2AB}.AppStore|ARM.Deploy.0 = Release|ARM
		{2D8BA8A7-F160-46B1-AFFD-78D29AECA2AB}.AppStore|iPhone.ActiveCfg = Release|x86
		{2D8BA8A7-F160-46B1-AFFD-78D29AECA2AB}.AppStore|iPhoneSimulator.ActiveCfg = Release|x86
		{2D8BA8A7-F160-46B1-AFFD-78D29AECA2AB}.AppStore|Mixed Platforms.ActiveCfg = Release|x86
		{2D8BA8A7-F160-46B1-AFFD-78D29AECA2AB}.AppStore|Mixed Platforms.Build.0 = Release|x86
		{2D8BA8A7-F160-46B1-AFFD-78D29AECA2AB}.AppStore|Mixed Platforms.Deploy.0 = Release|x86
		{2D8BA8A7-F160-46B1-AFFD-78D29AECA2AB}.AppStore|x64.ActiveCfg = Release|x86
		{2D8BA8A7-F160-46B1-AFFD-78D29AECA2AB}.AppStore|x86.ActiveCfg = Release|x86
		{2D8BA8A7-F160-46B1-AFFD-78D29AECA2AB}.AppStore|x86.Build.0 = Release|x86
		{2D8BA8A7-F160-46B1-AFFD-78D29AECA2AB}.AppStore|x86.Deploy.0 = Release|x86
		{2D8BA8A7-F160-46B1-AFFD-78D29AECA2AB}.Debug|Android.ActiveCfg = Debug|x86
		{2D8BA8A7-F160-46B1-AFFD-78D29AECA2AB}.Debug|Any CPU.ActiveCfg = Debug|x86
		{2D8BA8A7-F160-46B1-AFFD-78D29AECA2AB}.Debug|ARM.ActiveCfg = Debug|ARM
		{2D8BA8A7-F160-46B1-AFFD-78D29AECA2AB}.Debug|ARM.Build.0 = Debug|ARM
		{2D8BA8A7-F160-46B1-AFFD-78D29AECA2AB}.Debug|ARM.Deploy.0 = Debug|ARM
		{2D8BA8A7-F160-46B1-AFFD-78D29AECA2AB}.Debug|iPhone.ActiveCfg = Debug|x86
		{2D8BA8A7-F160-46B1-AFFD-78D29AECA2AB}.Debug|iPhoneSimulator.ActiveCfg = Debug|x86
		{2D8BA8A7-F160-46B1-AFFD-78D29AECA2AB}.Debug|Mixed Platforms.ActiveCfg = Debug|x86
		{2D8BA8A7-F160-46B1-AFFD-78D29AECA2AB}.Debug|Mixed Platforms.Build.0 = Debug|x86
		{2D8BA8A7-F160-46B1-AFFD-78D29AECA2AB}.Debug|Mixed Platforms.Deploy.0 = Debug|x86
		{2D8BA8A7-F160-46B1-AFFD-78D29AECA2AB}.Debug|x64.ActiveCfg = Debug|x86
		{2D8BA8A7-F160-46B1-AFFD-78D29AECA2AB}.Debug|x86.ActiveCfg = Debug|x86
		{2D8BA8A7-F160-46B1-AFFD-78D29AECA2AB}.Debug|x86.Build.0 = Debug|x86
		{2D8BA8A7-F160-46B1-AFFD-78D29AECA2AB}.Debug|x86.Deploy.0 = Debug|x86
		{2D8BA8A7-F160-46B1-AFFD-78D29AECA2AB}.Release|Android.ActiveCfg = Release|x86
		{2D8BA8A7-F160-46B1-AFFD-78D29AECA2AB}.Release|Any CPU.ActiveCfg = Release|x86
		{2D8BA8A7-F160-46B1-AFFD-78D29AECA2AB}.Release|ARM.ActiveCfg = Release|ARM
		{2D8BA8A7-F160-46B1-AFFD-78D29AECA2AB}.Release|ARM.Build.0 = Release|ARM
		{2D8BA8A7-F160-46B1-AFFD-78D29AECA2AB}.Release|ARM.Deploy.0 = Release|ARM
		{2D8BA8A7-F160-46B1-AFFD-78D29AECA2AB}.Release|iPhone.ActiveCfg = Release|x86
		{2D8BA8A7-F160-46B1-AFFD-78D29AECA2AB}.Release|iPhoneSimulator.ActiveCfg = Release|x86
		{2D8BA8A7-F160-46B1-AFFD-78D29AECA2AB}.Release|Mixed Platforms.ActiveCfg = Release|x86
		{2D8BA8A7-F160-46B1-AFFD-78D29AECA2AB}.Release|Mixed Platforms.Build.0 = Release|x86
		{2D8BA8A7-F160-46B1-AFFD-78D29AECA2AB}.Release|Mixed Platforms.Deploy.0 = Release|x86
		{2D8BA8A7-F160-46B1-AFFD-78D29AECA2AB}.Release|x64.ActiveCfg = Release|x86
		{2D8BA8A7-F160-46B1-AFFD-78D29AECA2AB}.Release|x86.ActiveCfg = Release|x86
		{2D8BA8A7-F160-46B1-AFFD-78D29AECA2AB}.Release|x86.Build.0 = Release|x86
		{2D8BA8A7-F160-46B1-AFFD-78D29AECA2AB}.Release|x86.Deploy.0 = Release|x86
		{9BFC3BC4-AA65-49FA-9BBD-5641D1FCAF3A}.Ad-Hoc|Android.ActiveCfg = Release|x86
		{9BFC3BC4-AA65-49FA-9BBD-5641D1FCAF3A}.Ad-Hoc|Any CPU.ActiveCfg = Release|x86
		{9BFC3BC4-AA65-49FA-9BBD-5641D1FCAF3A}.Ad-Hoc|ARM.ActiveCfg = Release|ARM
		{9BFC3BC4-AA65-49FA-9BBD-5641D1FCAF3A}.Ad-Hoc|ARM.Build.0 = Release|ARM
		{9BFC3BC4-AA65-49FA-9BBD-5641D1FCAF3A}.Ad-Hoc|ARM.Deploy.0 = Release|ARM
		{9BFC3BC4-AA65-49FA-9BBD-5641D1FCAF3A}.Ad-Hoc|iPhone.ActiveCfg = Release|x86
		{9BFC3BC4-AA65-49FA-9BBD-5641D1FCAF3A}.Ad-Hoc|iPhoneSimulator.ActiveCfg = Release|x86
		{9BFC3BC4-AA65-49FA-9BBD-5641D1FCAF3A}.Ad-Hoc|Mixed Platforms.ActiveCfg = Release|x86
		{9BFC3BC4-AA65-49FA-9BBD-5641D1FCAF3A}.Ad-Hoc|Mixed Platforms.Build.0 = Release|x86
		{9BFC3BC4-AA65-49FA-9BBD-5641D1FCAF3A}.Ad-Hoc|Mixed Platforms.Deploy.0 = Release|x86
		{9BFC3BC4-AA65-49FA-9BBD-5641D1FCAF3A}.Ad-Hoc|x64.ActiveCfg = Release|x86
		{9BFC3BC4-AA65-49FA-9BBD-5641D1FCAF3A}.Ad-Hoc|x86.ActiveCfg = Release|x86
		{9BFC3BC4-AA65-49FA-9BBD-5641D1FCAF3A}.Ad-Hoc|x86.Build.0 = Release|x86
		{9BFC3BC4-AA65-49FA-9BBD-5641D1FCAF3A}.Ad-Hoc|x86.Deploy.0 = Release|x86
		{9BFC3BC4-AA65-49FA-9BBD-5641D1FCAF3A}.AppStore|Android.ActiveCfg = Release|x86
		{9BFC3BC4-AA65-49FA-9BBD-5641D1FCAF3A}.AppStore|Any CPU.ActiveCfg = Release|x86
		{9BFC3BC4-AA65-49FA-9BBD-5641D1FCAF3A}.AppStore|ARM.ActiveCfg = Release|ARM
		{9BFC3BC4-AA65-49FA-9BBD-5641D1FCAF3A}.AppStore|ARM.Build.0 = Release|ARM
		{9BFC3BC4-AA65-49FA-9BBD-5641D1FCAF3A}.AppStore|ARM.Deploy.0 = Release|ARM
		{9BFC3BC4-AA65-49FA-9BBD-5641D1FCAF3A}.AppStore|iPhone.ActiveCfg = Release|x86
		{9BFC3BC4-AA65-49FA-9BBD-5641D1FCAF3A}.AppStore|iPhoneSimulator.ActiveCfg = Release|x86
		{9BFC3BC4-AA65-49FA-9BBD-5641D1FCAF3A}.AppStore|Mixed Platforms.ActiveCfg = Release|x86
		{9BFC3BC4-AA65-49FA-9BBD-5641D1FCAF3A}.AppStore|Mixed Platforms.Build.0 = Release|x86
		{9BFC3BC4-AA65-49FA-9BBD-5641D1FCAF3A}.AppStore|Mixed Platforms.Deploy.0 = Release|x86
		{9BFC3BC4-AA65-49FA-9BBD-5641D1FCAF3A}.AppStore|x64.ActiveCfg = Release|x86
		{9BFC3BC4-AA65-49FA-9BBD-5641D1FCAF3A}.AppStore|x86.ActiveCfg = Release|x86
		{9BFC3BC4-AA65-49FA-9BBD-5641D1FCAF3A}.AppStore|x86.Build.0 = Release|x86
		{9BFC3BC4-AA65-49FA-9BBD-5641D1FCAF3A}.AppStore|x86.Deploy.0 = Release|x86
		{9BFC3BC4-AA65-49FA-9BBD-5641D1FCAF3A}.Debug|Android.ActiveCfg = Debug|x86
		{9BFC3BC4-AA65-49FA-9BBD-5641D1FCAF3A}.Debug|Any CPU.ActiveCfg = Debug|x86
		{9BFC3BC4-AA65-49FA-9BBD-5641D1FCAF3A}.Debug|ARM.ActiveCfg = Debug|ARM
		{9BFC3BC4-AA65-49FA-9BBD-5641D1FCAF3A}.Debug|ARM.Build.0 = Debug|ARM
		{9BFC3BC4-AA65-49FA-9BBD-5641D1FCAF3A}.Debug|ARM.Deploy.0 = Debug|ARM
		{9BFC3BC4-AA65-49FA-9BBD-5641D1FCAF3A}.Debug|iPhone.ActiveCfg = Debug|x86
		{9BFC3BC4-AA65-49FA-9BBD-5641D1FCAF3A}.Debug|iPhoneSimulator.ActiveCfg = Debug|x86
		{9BFC3BC4-AA65-49FA-9BBD-5641D1FCAF3A}.Debug|Mixed Platforms.ActiveCfg = Debug|x86
		{9BFC3BC4-AA65-49FA-9BBD-5641D1FCAF3A}.Debug|Mixed Platforms.Build.0 = Debug|x86
		{9BFC3BC4-AA65-49FA-9BBD-5641D1FCAF3A}.Debug|Mixed Platforms.Deploy.0 = Debug|x86
		{9BFC3BC4-AA65-49FA-9BBD-5641D1FCAF3A}.Debug|x64.ActiveCfg = Debug|x86
		{9BFC3BC4-AA65-49FA-9BBD-5641D1FCAF3A}.Debug|x86.ActiveCfg = Debug|x86
		{9BFC3BC4-AA65-49FA-9BBD-5641D1FCAF3A}.Debug|x86.Build.0 = Debug|x86
		{9BFC3BC4-AA65-49FA-9BBD-5641D1FCAF3A}.Debug|x86.Deploy.0 = Debug|x86
		{9BFC3BC4-AA65-49FA-9BBD-5641D1FCAF3A}.Release|Android.ActiveCfg = Release|x86
		{9BFC3BC4-AA65-49FA-9BBD-5641D1FCAF3A}.Release|Any CPU.ActiveCfg = Release|x86
		{9BFC3BC4-AA65-49FA-9BBD-5641D1FCAF3A}.Release|ARM.ActiveCfg = Release|ARM
		{9BFC3BC4-AA65-49FA-9BBD-5641D1FCAF3A}.Release|ARM.Build.0 = Release|ARM
		{9BFC3BC4-AA65-49FA-9BBD-5641D1FCAF3A}.Release|ARM.Deploy.0 = Release|ARM
		{9BFC3BC4-AA65-49FA-9BBD-5641D1FCAF3A}.Release|iPhone.ActiveCfg = Release|x86
		{9BFC3BC4-AA65-49FA-9BBD-5641D1FCAF3A}.Release|iPhoneSimulator.ActiveCfg = Release|x86
		{9BFC3BC4-AA65-49FA-9BBD-5641D1FCAF3A}.Release|Mixed Platforms.ActiveCfg = Release|x86
		{9BFC3BC4-AA65-49FA-9BBD-5641D1FCAF3A}.Release|Mixed Platforms.Build.0 = Release|x86
		{9BFC3BC4-AA65-49FA-9BBD-5641D1FCAF3A}.Release|Mixed Platforms.Deploy.0 = Release|x86
		{9BFC3BC4-AA65-49FA-9BBD-5641D1FCAF3A}.Release|x64.ActiveCfg = Release|x86
		{9BFC3BC4-AA65-49FA-9BBD-5641D1FCAF3A}.Release|x86.ActiveCfg = Release|x86
		{9BFC3BC4-AA65-49FA-9BBD-5641D1FCAF3A}.Release|x86.Build.0 = Release|x86
		{9BFC3BC4-AA65-49FA-9BBD-5641D1FCAF3A}.Release|x86.Deploy.0 = Release|x86
		{1CF66238-8649-4857-82F5-80DB7CF30754}.Ad-Hoc|Android.ActiveCfg = Ad-Hoc|iPhone
		{1CF66238-8649-4857-82F5-80DB7CF30754}.Ad-Hoc|Any CPU.ActiveCfg = Ad-Hoc|iPhone
		{1CF66238-8649-4857-82F5-80DB7CF30754}.Ad-Hoc|ARM.ActiveCfg = Ad-Hoc|iPhone
		{1CF66238-8649-4857-82F5-80DB7CF30754}.Ad-Hoc|iPhone.ActiveCfg = Ad-Hoc|iPhone
		{1CF66238-8649-4857-82F5-80DB7CF30754}.Ad-Hoc|iPhone.Build.0 = Ad-Hoc|iPhone
		{1CF66238-8649-4857-82F5-80DB7CF30754}.Ad-Hoc|iPhoneSimulator.ActiveCfg = Ad-Hoc|iPhoneSimulator
		{1CF66238-8649-4857-82F5-80DB7CF30754}.Ad-Hoc|iPhoneSimulator.Build.0 = Ad-Hoc|iPhoneSimulator
		{1CF66238-8649-4857-82F5-80DB7CF30754}.Ad-Hoc|Mixed Platforms.ActiveCfg = Ad-Hoc|iPhone
		{1CF66238-8649-4857-82F5-80DB7CF30754}.Ad-Hoc|Mixed Platforms.Build.0 = Ad-Hoc|iPhone
		{1CF66238-8649-4857-82F5-80DB7CF30754}.Ad-Hoc|x64.ActiveCfg = Ad-Hoc|iPhone
		{1CF66238-8649-4857-82F5-80DB7CF30754}.Ad-Hoc|x86.ActiveCfg = Ad-Hoc|iPhone
		{1CF66238-8649-4857-82F5-80DB7CF30754}.AppStore|Android.ActiveCfg = AppStore|iPhone
		{1CF66238-8649-4857-82F5-80DB7CF30754}.AppStore|Any CPU.ActiveCfg = AppStore|iPhone
		{1CF66238-8649-4857-82F5-80DB7CF30754}.AppStore|ARM.ActiveCfg = AppStore|iPhone
		{1CF66238-8649-4857-82F5-80DB7CF30754}.AppStore|iPhone.ActiveCfg = AppStore|iPhone
		{1CF66238-8649-4857-82F5-80DB7CF30754}.AppStore|iPhone.Build.0 = AppStore|iPhone
		{1CF66238-8649-4857-82F5-80DB7CF30754}.AppStore|iPhoneSimulator.ActiveCfg = AppStore|iPhoneSimulator
		{1CF66238-8649-4857-82F5-80DB7CF30754}.AppStore|iPhoneSimulator.Build.0 = AppStore|iPhoneSimulator
		{1CF66238-8649-4857-82F5-80DB7CF30754}.AppStore|Mixed Platforms.ActiveCfg = AppStore|iPhone
		{1CF66238-8649-4857-82F5-80DB7CF30754}.AppStore|Mixed Platforms.Build.0 = AppStore|iPhone
		{1CF66238-8649-4857-82F5-80DB7CF30754}.AppStore|x64.ActiveCfg = AppStore|iPhone
		{1CF66238-8649-4857-82F5-80DB7CF30754}.AppStore|x86.ActiveCfg = AppStore|iPhone
		{1CF66238-8649-4857-82F5-80DB7CF30754}.Debug|Android.ActiveCfg = Debug|iPhone
		{1CF66238-8649-4857-82F5-80DB7CF30754}.Debug|Any CPU.ActiveCfg = Debug|iPhone
		{1CF66238-8649-4857-82F5-80DB7CF30754}.Debug|ARM.ActiveCfg = Debug|iPhone
		{1CF66238-8649-4857-82F5-80DB7CF30754}.Debug|iPhone.ActiveCfg = Debug|iPhone
		{1CF66238-8649-4857-82F5-80DB7CF30754}.Debug|iPhone.Build.0 = Debug|iPhone
		{1CF66238-8649-4857-82F5-80DB7CF30754}.Debug|iPhoneSimulator.ActiveCfg = Debug|iPhoneSimulator
		{1CF66238-8649-4857-82F5-80DB7CF30754}.Debug|iPhoneSimulator.Build.0 = Debug|iPhoneSimulator
		{1CF66238-8649-4857-82F5-80DB7CF30754}.Debug|Mixed Platforms.ActiveCfg = Debug|iPhone
		{1CF66238-8649-4857-82F5-80DB7CF30754}.Debug|Mixed Platforms.Build.0 = Debug|iPhone
		{1CF66238-8649-4857-82F5-80DB7CF30754}.Debug|x64.ActiveCfg = Debug|iPhone
		{1CF66238-8649-4857-82F5-80DB7CF30754}.Debug|x86.ActiveCfg = Debug|iPhone
		{1CF66238-8649-4857-82F5-80DB7CF30754}.Release|Android.ActiveCfg = Release|iPhone
		{1CF66238-8649-4857-82F5-80DB7CF30754}.Release|Any CPU.ActiveCfg = Release|iPhone
		{1CF66238-8649-4857-82F5-80DB7CF30754}.Release|ARM.ActiveCfg = Release|iPhone
		{1CF66238-8649-4857-82F5-80DB7CF30754}.Release|iPhone.ActiveCfg = Release|iPhone
		{1CF66238-8649-4857-82F5-80DB7CF30754}.Release|iPhone.Build.0 = Release|iPhone
		{1CF66238-8649-4857-82F5-80DB7CF30754}.Release|iPhoneSimulator.ActiveCfg = Release|iPhoneSimulator
		{1CF66238-8649-4857-82F5-80DB7CF30754}.Release|iPhoneSimulator.Build.0 = Release|iPhoneSimulator
		{1CF66238-8649-4857-82F5-80DB7CF30754}.Release|Mixed Platforms.ActiveCfg = Release|iPhone
		{1CF66238-8649-4857-82F5-80DB7CF30754}.Release|Mixed Platforms.Build.0 = Release|iPhone
		{1CF66238-8649-4857-82F5-80DB7CF30754}.Release|x64.ActiveCfg = Release|iPhone
		{1CF66238-8649-4857-82F5-80DB7CF30754}.Release|x86.ActiveCfg = Release|iPhone
		{257D4DD7-575C-47A7-9781-2AA3D64F42CC}.Ad-Hoc|Android.ActiveCfg = Ad-Hoc|iPhone
		{257D4DD7-575C-47A7-9781-2AA3D64F42CC}.Ad-Hoc|Any CPU.ActiveCfg = Ad-Hoc|iPhone
		{257D4DD7-575C-47A7-9781-2AA3D64F42CC}.Ad-Hoc|ARM.ActiveCfg = Ad-Hoc|iPhone
		{257D4DD7-575C-47A7-9781-2AA3D64F42CC}.Ad-Hoc|iPhone.ActiveCfg = Ad-Hoc|iPhone
		{257D4DD7-575C-47A7-9781-2AA3D64F42CC}.Ad-Hoc|iPhone.Build.0 = Ad-Hoc|iPhone
		{257D4DD7-575C-47A7-9781-2AA3D64F42CC}.Ad-Hoc|iPhoneSimulator.ActiveCfg = Ad-Hoc|iPhoneSimulator
		{257D4DD7-575C-47A7-9781-2AA3D64F42CC}.Ad-Hoc|iPhoneSimulator.Build.0 = Ad-Hoc|iPhoneSimulator
		{257D4DD7-575C-47A7-9781-2AA3D64F42CC}.Ad-Hoc|Mixed Platforms.ActiveCfg = Ad-Hoc|iPhone
		{257D4DD7-575C-47A7-9781-2AA3D64F42CC}.Ad-Hoc|Mixed Platforms.Build.0 = Ad-Hoc|iPhone
		{257D4DD7-575C-47A7-9781-2AA3D64F42CC}.Ad-Hoc|x64.ActiveCfg = Ad-Hoc|iPhone
		{257D4DD7-575C-47A7-9781-2AA3D64F42CC}.Ad-Hoc|x86.ActiveCfg = Ad-Hoc|iPhone
		{257D4DD7-575C-47A7-9781-2AA3D64F42CC}.AppStore|Android.ActiveCfg = AppStore|iPhone
		{257D4DD7-575C-47A7-9781-2AA3D64F42CC}.AppStore|Any CPU.ActiveCfg = AppStore|iPhone
		{257D4DD7-575C-47A7-9781-2AA3D64F42CC}.AppStore|ARM.ActiveCfg = AppStore|iPhone
		{257D4DD7-575C-47A7-9781-2AA3D64F42CC}.AppStore|iPhone.ActiveCfg = AppStore|iPhone
		{257D4DD7-575C-47A7-9781-2AA3D64F42CC}.AppStore|iPhone.Build.0 = AppStore|iPhone
		{257D4DD7-575C-47A7-9781-2AA3D64F42CC}.AppStore|iPhoneSimulator.ActiveCfg = AppStore|iPhoneSimulator
		{257D4DD7-575C-47A7-9781-2AA3D64F42CC}.AppStore|iPhoneSimulator.Build.0 = AppStore|iPhoneSimulator
		{257D4DD7-575C-47A7-9781-2AA3D64F42CC}.AppStore|Mixed Platforms.ActiveCfg = AppStore|iPhone
		{257D4DD7-575C-47A7-9781-2AA3D64F42CC}.AppStore|Mixed Platforms.Build.0 = AppStore|iPhone
		{257D4DD7-575C-47A7-9781-2AA3D64F42CC}.AppStore|x64.ActiveCfg = AppStore|iPhone
		{257D4DD7-575C-47A7-9781-2AA3D64F42CC}.AppStore|x86.ActiveCfg = AppStore|iPhone
		{257D4DD7-575C-47A7-9781-2AA3D64F42CC}.Debug|Android.ActiveCfg = Debug|iPhone
		{257D4DD7-575C-47A7-9781-2AA3D64F42CC}.Debug|Any CPU.ActiveCfg = Debug|iPhone
		{257D4DD7-575C-47A7-9781-2AA3D64F42CC}.Debug|ARM.ActiveCfg = Debug|iPhone
		{257D4DD7-575C-47A7-9781-2AA3D64F42CC}.Debug|iPhone.ActiveCfg = Debug|iPhone
		{257D4DD7-575C-47A7-9781-2AA3D64F42CC}.Debug|iPhone.Build.0 = Debug|iPhone
		{257D4DD7-575C-47A7-9781-2AA3D64F42CC}.Debug|iPhoneSimulator.ActiveCfg = Debug|iPhoneSimulator
		{257D4DD7-575C-47A7-9781-2AA3D64F42CC}.Debug|iPhoneSimulator.Build.0 = Debug|iPhoneSimulator
		{257D4DD7-575C-47A7-9781-2AA3D64F42CC}.Debug|Mixed Platforms.ActiveCfg = Debug|iPhone
		{257D4DD7-575C-47A7-9781-2AA3D64F42CC}.Debug|Mixed Platforms.Build.0 = Debug|iPhone
		{257D4DD7-575C-47A7-9781-2AA3D64F42CC}.Debug|x64.ActiveCfg = Debug|iPhone
		{257D4DD7-575C-47A7-9781-2AA3D64F42CC}.Debug|x86.ActiveCfg = Debug|iPhone
		{257D4DD7-575C-47A7-9781-2AA3D64F42CC}.Release|Android.ActiveCfg = Release|iPhone
		{257D4DD7-575C-47A7-9781-2AA3D64F42CC}.Release|Any CPU.ActiveCfg = Release|iPhone
		{257D4DD7-575C-47A7-9781-2AA3D64F42CC}.Release|ARM.ActiveCfg = Release|iPhone
		{257D4DD7-575C-47A7-9781-2AA3D64F42CC}.Release|iPhone.ActiveCfg = Release|iPhone
		{257D4DD7-575C-47A7-9781-2AA3D64F42CC}.Release|iPhone.Build.0 = Release|iPhone
		{257D4DD7-575C-47A7-9781-2AA3D64F42CC}.Release|iPhoneSimulator.ActiveCfg = Release|iPhoneSimulator
		{257D4DD7-575C-47A7-9781-2AA3D64F42CC}.Release|iPhoneSimulator.Build.0 = Release|iPhoneSimulator
		{257D4DD7-575C-47A7-9781-2AA3D64F42CC}.Release|Mixed Platforms.ActiveCfg = Release|iPhone
		{257D4DD7-575C-47A7-9781-2AA3D64F42CC}.Release|Mixed Platforms.Build.0 = Release|iPhone
		{257D4DD7-575C-47A7-9781-2AA3D64F42CC}.Release|x64.ActiveCfg = Release|iPhone
		{257D4DD7-575C-47A7-9781-2AA3D64F42CC}.Release|x86.ActiveCfg = Release|iPhone
		{88CD6F84-4568-4DE2-A414-D05AD6C221B0}.Ad-Hoc|Android.ActiveCfg = Release|Any CPU
		{88CD6F84-4568-4DE2-A414-D05AD6C221B0}.Ad-Hoc|Any CPU.ActiveCfg = Release|Any CPU
		{88CD6F84-4568-4DE2-A414-D05AD6C221B0}.Ad-Hoc|Any CPU.Build.0 = Release|Any CPU
		{88CD6F84-4568-4DE2-A414-D05AD6C221B0}.Ad-Hoc|ARM.ActiveCfg = Release|Any CPU
		{88CD6F84-4568-4DE2-A414-D05AD6C221B0}.Ad-Hoc|iPhone.ActiveCfg = Release|Any CPU
		{88CD6F84-4568-4DE2-A414-D05AD6C221B0}.Ad-Hoc|iPhoneSimulator.ActiveCfg = Release|Any CPU
		{88CD6F84-4568-4DE2-A414-D05AD6C221B0}.Ad-Hoc|Mixed Platforms.ActiveCfg = Release|Any CPU
		{88CD6F84-4568-4DE2-A414-D05AD6C221B0}.Ad-Hoc|Mixed Platforms.Build.0 = Release|Any CPU
		{88CD6F84-4568-4DE2-A414-D05AD6C221B0}.Ad-Hoc|x64.ActiveCfg = Release|Any CPU
		{88CD6F84-4568-4DE2-A414-D05AD6C221B0}.Ad-Hoc|x86.ActiveCfg = Release|Any CPU
		{88CD6F84-4568-4DE2-A414-D05AD6C221B0}.AppStore|Android.ActiveCfg = Release|Any CPU
		{88CD6F84-4568-4DE2-A414-D05AD6C221B0}.AppStore|Any CPU.ActiveCfg = Release|Any CPU
		{88CD6F84-4568-4DE2-A414-D05AD6C221B0}.AppStore|Any CPU.Build.0 = Release|Any CPU
		{88CD6F84-4568-4DE2-A414-D05AD6C221B0}.AppStore|ARM.ActiveCfg = Release|Any CPU
		{88CD6F84-4568-4DE2-A414-D05AD6C221B0}.AppStore|iPhone.ActiveCfg = Release|Any CPU
		{88CD6F84-4568-4DE2-A414-D05AD6C221B0}.AppStore|iPhoneSimulator.ActiveCfg = Release|Any CPU
		{88CD6F84-4568-4DE2-A414-D05AD6C221B0}.AppStore|Mixed Platforms.ActiveCfg = Release|Any CPU
		{88CD6F84-4568-4DE2-A414-D05AD6C221B0}.AppStore|Mixed Platforms.Build.0 = Release|Any CPU
		{88CD6F84-4568-4DE2-A414-D05AD6C221B0}.AppStore|x64.ActiveCfg = Release|Any CPU
		{88CD6F84-4568-4DE2-A414-D05AD6C221B0}.AppStore|x86.ActiveCfg = Release|Any CPU
		{88CD6F84-4568-4DE2-A414-D05AD6C221B0}.Debug|Android.ActiveCfg = Debug|Any CPU
		{88CD6F84-4568-4DE2-A414-D05AD6C221B0}.Debug|Android.Build.0 = Debug|Any CPU
		{88CD6F84-4568-4DE2-A414-D05AD6C221B0}.Debug|Any CPU.ActiveCfg = Debug|Any CPU
		{88CD6F84-4568-4DE2-A414-D05AD6C221B0}.Debug|Any CPU.Build.0 = Debug|Any CPU
		{88CD6F84-4568-4DE2-A414-D05AD6C221B0}.Debug|ARM.ActiveCfg = Debug|Any CPU
		{88CD6F84-4568-4DE2-A414-D05AD6C221B0}.Debug|iPhone.ActiveCfg = Debug|Any CPU
		{88CD6F84-4568-4DE2-A414-D05AD6C221B0}.Debug|iPhoneSimulator.ActiveCfg = Debug|Any CPU
		{88CD6F84-4568-4DE2-A414-D05AD6C221B0}.Debug|iPhoneSimulator.Build.0 = Debug|Any CPU
		{88CD6F84-4568-4DE2-A414-D05AD6C221B0}.Debug|Mixed Platforms.ActiveCfg = Debug|Any CPU
		{88CD6F84-4568-4DE2-A414-D05AD6C221B0}.Debug|Mixed Platforms.Build.0 = Debug|Any CPU
		{88CD6F84-4568-4DE2-A414-D05AD6C221B0}.Debug|x64.ActiveCfg = Debug|Any CPU
		{88CD6F84-4568-4DE2-A414-D05AD6C221B0}.Debug|x64.Build.0 = Debug|Any CPU
		{88CD6F84-4568-4DE2-A414-D05AD6C221B0}.Debug|x86.ActiveCfg = Debug|Any CPU
		{88CD6F84-4568-4DE2-A414-D05AD6C221B0}.Debug|x86.Build.0 = Debug|Any CPU
		{88CD6F84-4568-4DE2-A414-D05AD6C221B0}.Release|Android.ActiveCfg = Release|Any CPU
		{88CD6F84-4568-4DE2-A414-D05AD6C221B0}.Release|Android.Build.0 = Release|Any CPU
		{88CD6F84-4568-4DE2-A414-D05AD6C221B0}.Release|Any CPU.ActiveCfg = Release|Any CPU
		{88CD6F84-4568-4DE2-A414-D05AD6C221B0}.Release|Any CPU.Build.0 = Release|Any CPU
		{88CD6F84-4568-4DE2-A414-D05AD6C221B0}.Release|ARM.ActiveCfg = Release|Any CPU
		{88CD6F84-4568-4DE2-A414-D05AD6C221B0}.Release|iPhone.ActiveCfg = Release|Any CPU
		{88CD6F84-4568-4DE2-A414-D05AD6C221B0}.Release|iPhoneSimulator.ActiveCfg = Release|Any CPU
		{88CD6F84-4568-4DE2-A414-D05AD6C221B0}.Release|iPhoneSimulator.Build.0 = Release|Any CPU
		{88CD6F84-4568-4DE2-A414-D05AD6C221B0}.Release|Mixed Platforms.ActiveCfg = Release|Any CPU
		{88CD6F84-4568-4DE2-A414-D05AD6C221B0}.Release|Mixed Platforms.Build.0 = Release|Any CPU
		{88CD6F84-4568-4DE2-A414-D05AD6C221B0}.Release|x64.ActiveCfg = Release|Any CPU
		{88CD6F84-4568-4DE2-A414-D05AD6C221B0}.Release|x86.ActiveCfg = Release|Any CPU
		{E6284EB0-BDB0-4D38-AFC4-ECDC7BFF6D6E}.Ad-Hoc|Android.ActiveCfg = Release|Any CPU
		{E6284EB0-BDB0-4D38-AFC4-ECDC7BFF6D6E}.Ad-Hoc|Android.Build.0 = Release|Any CPU
		{E6284EB0-BDB0-4D38-AFC4-ECDC7BFF6D6E}.Ad-Hoc|Any CPU.ActiveCfg = Release|Any CPU
		{E6284EB0-BDB0-4D38-AFC4-ECDC7BFF6D6E}.Ad-Hoc|Any CPU.Build.0 = Release|Any CPU
		{E6284EB0-BDB0-4D38-AFC4-ECDC7BFF6D6E}.Ad-Hoc|ARM.ActiveCfg = Release|Any CPU
		{E6284EB0-BDB0-4D38-AFC4-ECDC7BFF6D6E}.Ad-Hoc|ARM.Build.0 = Release|Any CPU
		{E6284EB0-BDB0-4D38-AFC4-ECDC7BFF6D6E}.Ad-Hoc|iPhone.ActiveCfg = Release|Any CPU
		{E6284EB0-BDB0-4D38-AFC4-ECDC7BFF6D6E}.Ad-Hoc|iPhone.Build.0 = Release|Any CPU
		{E6284EB0-BDB0-4D38-AFC4-ECDC7BFF6D6E}.Ad-Hoc|iPhoneSimulator.ActiveCfg = Release|Any CPU
		{E6284EB0-BDB0-4D38-AFC4-ECDC7BFF6D6E}.Ad-Hoc|iPhoneSimulator.Build.0 = Release|Any CPU
		{E6284EB0-BDB0-4D38-AFC4-ECDC7BFF6D6E}.Ad-Hoc|Mixed Platforms.ActiveCfg = Release|Any CPU
		{E6284EB0-BDB0-4D38-AFC4-ECDC7BFF6D6E}.Ad-Hoc|Mixed Platforms.Build.0 = Release|Any CPU
		{E6284EB0-BDB0-4D38-AFC4-ECDC7BFF6D6E}.Ad-Hoc|x64.ActiveCfg = Release|Any CPU
		{E6284EB0-BDB0-4D38-AFC4-ECDC7BFF6D6E}.Ad-Hoc|x64.Build.0 = Release|Any CPU
		{E6284EB0-BDB0-4D38-AFC4-ECDC7BFF6D6E}.Ad-Hoc|x86.ActiveCfg = Release|Any CPU
		{E6284EB0-BDB0-4D38-AFC4-ECDC7BFF6D6E}.Ad-Hoc|x86.Build.0 = Release|Any CPU
		{E6284EB0-BDB0-4D38-AFC4-ECDC7BFF6D6E}.AppStore|Android.ActiveCfg = Release|Any CPU
		{E6284EB0-BDB0-4D38-AFC4-ECDC7BFF6D6E}.AppStore|Android.Build.0 = Release|Any CPU
		{E6284EB0-BDB0-4D38-AFC4-ECDC7BFF6D6E}.AppStore|Any CPU.ActiveCfg = Release|Any CPU
		{E6284EB0-BDB0-4D38-AFC4-ECDC7BFF6D6E}.AppStore|Any CPU.Build.0 = Release|Any CPU
		{E6284EB0-BDB0-4D38-AFC4-ECDC7BFF6D6E}.AppStore|ARM.ActiveCfg = Release|Any CPU
		{E6284EB0-BDB0-4D38-AFC4-ECDC7BFF6D6E}.AppStore|ARM.Build.0 = Release|Any CPU
		{E6284EB0-BDB0-4D38-AFC4-ECDC7BFF6D6E}.AppStore|iPhone.ActiveCfg = Release|Any CPU
		{E6284EB0-BDB0-4D38-AFC4-ECDC7BFF6D6E}.AppStore|iPhone.Build.0 = Release|Any CPU
		{E6284EB0-BDB0-4D38-AFC4-ECDC7BFF6D6E}.AppStore|iPhoneSimulator.ActiveCfg = Release|Any CPU
		{E6284EB0-BDB0-4D38-AFC4-ECDC7BFF6D6E}.AppStore|iPhoneSimulator.Build.0 = Release|Any CPU
		{E6284EB0-BDB0-4D38-AFC4-ECDC7BFF6D6E}.AppStore|Mixed Platforms.ActiveCfg = Release|Any CPU
		{E6284EB0-BDB0-4D38-AFC4-ECDC7BFF6D6E}.AppStore|Mixed Platforms.Build.0 = Release|Any CPU
		{E6284EB0-BDB0-4D38-AFC4-ECDC7BFF6D6E}.AppStore|x64.ActiveCfg = Release|Any CPU
		{E6284EB0-BDB0-4D38-AFC4-ECDC7BFF6D6E}.AppStore|x64.Build.0 = Release|Any CPU
		{E6284EB0-BDB0-4D38-AFC4-ECDC7BFF6D6E}.AppStore|x86.ActiveCfg = Release|Any CPU
		{E6284EB0-BDB0-4D38-AFC4-ECDC7BFF6D6E}.AppStore|x86.Build.0 = Release|Any CPU
		{E6284EB0-BDB0-4D38-AFC4-ECDC7BFF6D6E}.Debug|Android.ActiveCfg = Debug|Any CPU
		{E6284EB0-BDB0-4D38-AFC4-ECDC7BFF6D6E}.Debug|Android.Build.0 = Debug|Any CPU
		{E6284EB0-BDB0-4D38-AFC4-ECDC7BFF6D6E}.Debug|Any CPU.ActiveCfg = Debug|Any CPU
		{E6284EB0-BDB0-4D38-AFC4-ECDC7BFF6D6E}.Debug|ARM.ActiveCfg = Debug|Any CPU
		{E6284EB0-BDB0-4D38-AFC4-ECDC7BFF6D6E}.Debug|iPhone.ActiveCfg = Debug|Any CPU
		{E6284EB0-BDB0-4D38-AFC4-ECDC7BFF6D6E}.Debug|iPhoneSimulator.ActiveCfg = Debug|Any CPU
		{E6284EB0-BDB0-4D38-AFC4-ECDC7BFF6D6E}.Debug|Mixed Platforms.ActiveCfg = Debug|Any CPU
		{E6284EB0-BDB0-4D38-AFC4-ECDC7BFF6D6E}.Debug|x64.ActiveCfg = Debug|Any CPU
		{E6284EB0-BDB0-4D38-AFC4-ECDC7BFF6D6E}.Debug|x86.ActiveCfg = Debug|Any CPU
		{E6284EB0-BDB0-4D38-AFC4-ECDC7BFF6D6E}.Release|Android.ActiveCfg = Release|Any CPU
		{E6284EB0-BDB0-4D38-AFC4-ECDC7BFF6D6E}.Release|Android.Build.0 = Release|Any CPU
		{E6284EB0-BDB0-4D38-AFC4-ECDC7BFF6D6E}.Release|Any CPU.ActiveCfg = Release|Any CPU
		{E6284EB0-BDB0-4D38-AFC4-ECDC7BFF6D6E}.Release|ARM.ActiveCfg = Release|Any CPU
		{E6284EB0-BDB0-4D38-AFC4-ECDC7BFF6D6E}.Release|iPhone.ActiveCfg = Release|Any CPU
		{E6284EB0-BDB0-4D38-AFC4-ECDC7BFF6D6E}.Release|iPhoneSimulator.ActiveCfg = Release|Any CPU
		{E6284EB0-BDB0-4D38-AFC4-ECDC7BFF6D6E}.Release|Mixed Platforms.ActiveCfg = Release|Any CPU
		{E6284EB0-BDB0-4D38-AFC4-ECDC7BFF6D6E}.Release|x64.ActiveCfg = Release|Any CPU
		{E6284EB0-BDB0-4D38-AFC4-ECDC7BFF6D6E}.Release|x86.ActiveCfg = Release|Any CPU
		{75932C54-5006-4368-A61A-EF7F7AB216BD}.Ad-Hoc|Android.ActiveCfg = Release|Any CPU
		{75932C54-5006-4368-A61A-EF7F7AB216BD}.Ad-Hoc|Android.Build.0 = Release|Any CPU
		{75932C54-5006-4368-A61A-EF7F7AB216BD}.Ad-Hoc|Any CPU.ActiveCfg = Release|Any CPU
		{75932C54-5006-4368-A61A-EF7F7AB216BD}.Ad-Hoc|Any CPU.Build.0 = Release|Any CPU
		{75932C54-5006-4368-A61A-EF7F7AB216BD}.Ad-Hoc|ARM.ActiveCfg = Release|ARM
		{75932C54-5006-4368-A61A-EF7F7AB216BD}.Ad-Hoc|ARM.Build.0 = Release|ARM
		{75932C54-5006-4368-A61A-EF7F7AB216BD}.Ad-Hoc|iPhone.ActiveCfg = Release|Any CPU
		{75932C54-5006-4368-A61A-EF7F7AB216BD}.Ad-Hoc|iPhone.Build.0 = Release|Any CPU
		{75932C54-5006-4368-A61A-EF7F7AB216BD}.Ad-Hoc|iPhoneSimulator.ActiveCfg = Release|Any CPU
		{75932C54-5006-4368-A61A-EF7F7AB216BD}.Ad-Hoc|iPhoneSimulator.Build.0 = Release|Any CPU
		{75932C54-5006-4368-A61A-EF7F7AB216BD}.Ad-Hoc|Mixed Platforms.ActiveCfg = Release|x86
		{75932C54-5006-4368-A61A-EF7F7AB216BD}.Ad-Hoc|Mixed Platforms.Build.0 = Release|x86
		{75932C54-5006-4368-A61A-EF7F7AB216BD}.Ad-Hoc|x64.ActiveCfg = Release|x64
		{75932C54-5006-4368-A61A-EF7F7AB216BD}.Ad-Hoc|x64.Build.0 = Release|x64
		{75932C54-5006-4368-A61A-EF7F7AB216BD}.Ad-Hoc|x86.ActiveCfg = Release|x86
		{75932C54-5006-4368-A61A-EF7F7AB216BD}.Ad-Hoc|x86.Build.0 = Release|x86
		{75932C54-5006-4368-A61A-EF7F7AB216BD}.AppStore|Android.ActiveCfg = Release|Any CPU
		{75932C54-5006-4368-A61A-EF7F7AB216BD}.AppStore|Android.Build.0 = Release|Any CPU
		{75932C54-5006-4368-A61A-EF7F7AB216BD}.AppStore|Any CPU.ActiveCfg = Release|Any CPU
		{75932C54-5006-4368-A61A-EF7F7AB216BD}.AppStore|Any CPU.Build.0 = Release|Any CPU
		{75932C54-5006-4368-A61A-EF7F7AB216BD}.AppStore|ARM.ActiveCfg = Release|ARM
		{75932C54-5006-4368-A61A-EF7F7AB216BD}.AppStore|ARM.Build.0 = Release|ARM
		{75932C54-5006-4368-A61A-EF7F7AB216BD}.AppStore|iPhone.ActiveCfg = Release|Any CPU
		{75932C54-5006-4368-A61A-EF7F7AB216BD}.AppStore|iPhone.Build.0 = Release|Any CPU
		{75932C54-5006-4368-A61A-EF7F7AB216BD}.AppStore|iPhoneSimulator.ActiveCfg = Release|Any CPU
		{75932C54-5006-4368-A61A-EF7F7AB216BD}.AppStore|iPhoneSimulator.Build.0 = Release|Any CPU
		{75932C54-5006-4368-A61A-EF7F7AB216BD}.AppStore|Mixed Platforms.ActiveCfg = Release|x86
		{75932C54-5006-4368-A61A-EF7F7AB216BD}.AppStore|Mixed Platforms.Build.0 = Release|x86
		{75932C54-5006-4368-A61A-EF7F7AB216BD}.AppStore|x64.ActiveCfg = Release|x64
		{75932C54-5006-4368-A61A-EF7F7AB216BD}.AppStore|x64.Build.0 = Release|x64
		{75932C54-5006-4368-A61A-EF7F7AB216BD}.AppStore|x86.ActiveCfg = Release|x86
		{75932C54-5006-4368-A61A-EF7F7AB216BD}.AppStore|x86.Build.0 = Release|x86
		{75932C54-5006-4368-A61A-EF7F7AB216BD}.Debug|Android.ActiveCfg = Debug|Any CPU
		{75932C54-5006-4368-A61A-EF7F7AB216BD}.Debug|Android.Build.0 = Debug|Any CPU
		{75932C54-5006-4368-A61A-EF7F7AB216BD}.Debug|Any CPU.ActiveCfg = Debug|Any CPU
		{75932C54-5006-4368-A61A-EF7F7AB216BD}.Debug|Any CPU.Build.0 = Debug|Any CPU
		{75932C54-5006-4368-A61A-EF7F7AB216BD}.Debug|ARM.ActiveCfg = Debug|ARM
		{75932C54-5006-4368-A61A-EF7F7AB216BD}.Debug|ARM.Build.0 = Debug|ARM
		{75932C54-5006-4368-A61A-EF7F7AB216BD}.Debug|iPhone.ActiveCfg = Debug|Any CPU
		{75932C54-5006-4368-A61A-EF7F7AB216BD}.Debug|iPhone.Build.0 = Debug|Any CPU
		{75932C54-5006-4368-A61A-EF7F7AB216BD}.Debug|iPhoneSimulator.ActiveCfg = Debug|Any CPU
		{75932C54-5006-4368-A61A-EF7F7AB216BD}.Debug|iPhoneSimulator.Build.0 = Debug|Any CPU
		{75932C54-5006-4368-A61A-EF7F7AB216BD}.Debug|Mixed Platforms.ActiveCfg = Debug|x86
		{75932C54-5006-4368-A61A-EF7F7AB216BD}.Debug|Mixed Platforms.Build.0 = Debug|x86
		{75932C54-5006-4368-A61A-EF7F7AB216BD}.Debug|x64.ActiveCfg = Debug|x64
		{75932C54-5006-4368-A61A-EF7F7AB216BD}.Debug|x64.Build.0 = Debug|x64
		{75932C54-5006-4368-A61A-EF7F7AB216BD}.Debug|x86.ActiveCfg = Debug|x86
		{75932C54-5006-4368-A61A-EF7F7AB216BD}.Debug|x86.Build.0 = Debug|x86
		{75932C54-5006-4368-A61A-EF7F7AB216BD}.Release|Android.ActiveCfg = Release|Any CPU
		{75932C54-5006-4368-A61A-EF7F7AB216BD}.Release|Android.Build.0 = Release|Any CPU
		{75932C54-5006-4368-A61A-EF7F7AB216BD}.Release|Any CPU.ActiveCfg = Release|Any CPU
		{75932C54-5006-4368-A61A-EF7F7AB216BD}.Release|Any CPU.Build.0 = Release|Any CPU
		{75932C54-5006-4368-A61A-EF7F7AB216BD}.Release|ARM.ActiveCfg = Release|ARM
		{75932C54-5006-4368-A61A-EF7F7AB216BD}.Release|ARM.Build.0 = Release|ARM
		{75932C54-5006-4368-A61A-EF7F7AB216BD}.Release|iPhone.ActiveCfg = Release|Any CPU
		{75932C54-5006-4368-A61A-EF7F7AB216BD}.Release|iPhone.Build.0 = Release|Any CPU
		{75932C54-5006-4368-A61A-EF7F7AB216BD}.Release|iPhoneSimulator.ActiveCfg = Release|Any CPU
		{75932C54-5006-4368-A61A-EF7F7AB216BD}.Release|iPhoneSimulator.Build.0 = Release|Any CPU
		{75932C54-5006-4368-A61A-EF7F7AB216BD}.Release|Mixed Platforms.ActiveCfg = Release|x86
		{75932C54-5006-4368-A61A-EF7F7AB216BD}.Release|Mixed Platforms.Build.0 = Release|x86
		{75932C54-5006-4368-A61A-EF7F7AB216BD}.Release|x64.ActiveCfg = Release|x64
		{75932C54-5006-4368-A61A-EF7F7AB216BD}.Release|x64.Build.0 = Release|x64
		{75932C54-5006-4368-A61A-EF7F7AB216BD}.Release|x86.ActiveCfg = Release|x86
		{75932C54-5006-4368-A61A-EF7F7AB216BD}.Release|x86.Build.0 = Release|x86
		{449591A6-F24A-437D-857A-212BEF68E4D2}.Ad-Hoc|Android.ActiveCfg = Release|x86
		{449591A6-F24A-437D-857A-212BEF68E4D2}.Ad-Hoc|Android.Build.0 = Release|x86
		{449591A6-F24A-437D-857A-212BEF68E4D2}.Ad-Hoc|Android.Deploy.0 = Release|x86
		{449591A6-F24A-437D-857A-212BEF68E4D2}.Ad-Hoc|Any CPU.ActiveCfg = Release|x86
		{449591A6-F24A-437D-857A-212BEF68E4D2}.Ad-Hoc|Any CPU.Build.0 = Release|x86
		{449591A6-F24A-437D-857A-212BEF68E4D2}.Ad-Hoc|Any CPU.Deploy.0 = Release|x86
		{449591A6-F24A-437D-857A-212BEF68E4D2}.Ad-Hoc|ARM.ActiveCfg = Release|ARM
		{449591A6-F24A-437D-857A-212BEF68E4D2}.Ad-Hoc|ARM.Build.0 = Release|ARM
		{449591A6-F24A-437D-857A-212BEF68E4D2}.Ad-Hoc|ARM.Deploy.0 = Release|ARM
		{449591A6-F24A-437D-857A-212BEF68E4D2}.Ad-Hoc|iPhone.ActiveCfg = Release|x86
		{449591A6-F24A-437D-857A-212BEF68E4D2}.Ad-Hoc|iPhone.Build.0 = Release|x86
		{449591A6-F24A-437D-857A-212BEF68E4D2}.Ad-Hoc|iPhone.Deploy.0 = Release|x86
		{449591A6-F24A-437D-857A-212BEF68E4D2}.Ad-Hoc|iPhoneSimulator.ActiveCfg = Release|x86
		{449591A6-F24A-437D-857A-212BEF68E4D2}.Ad-Hoc|iPhoneSimulator.Build.0 = Release|x86
		{449591A6-F24A-437D-857A-212BEF68E4D2}.Ad-Hoc|iPhoneSimulator.Deploy.0 = Release|x86
		{449591A6-F24A-437D-857A-212BEF68E4D2}.Ad-Hoc|Mixed Platforms.ActiveCfg = Release|x86
		{449591A6-F24A-437D-857A-212BEF68E4D2}.Ad-Hoc|Mixed Platforms.Build.0 = Release|x86
		{449591A6-F24A-437D-857A-212BEF68E4D2}.Ad-Hoc|Mixed Platforms.Deploy.0 = Release|x86
		{449591A6-F24A-437D-857A-212BEF68E4D2}.Ad-Hoc|x64.ActiveCfg = Release|x64
		{449591A6-F24A-437D-857A-212BEF68E4D2}.Ad-Hoc|x64.Build.0 = Release|x64
		{449591A6-F24A-437D-857A-212BEF68E4D2}.Ad-Hoc|x64.Deploy.0 = Release|x64
		{449591A6-F24A-437D-857A-212BEF68E4D2}.Ad-Hoc|x86.ActiveCfg = Release|x86
		{449591A6-F24A-437D-857A-212BEF68E4D2}.Ad-Hoc|x86.Build.0 = Release|x86
		{449591A6-F24A-437D-857A-212BEF68E4D2}.Ad-Hoc|x86.Deploy.0 = Release|x86
		{449591A6-F24A-437D-857A-212BEF68E4D2}.AppStore|Android.ActiveCfg = Release|x86
		{449591A6-F24A-437D-857A-212BEF68E4D2}.AppStore|Android.Build.0 = Release|x86
		{449591A6-F24A-437D-857A-212BEF68E4D2}.AppStore|Android.Deploy.0 = Release|x86
		{449591A6-F24A-437D-857A-212BEF68E4D2}.AppStore|Any CPU.ActiveCfg = Release|x86
		{449591A6-F24A-437D-857A-212BEF68E4D2}.AppStore|Any CPU.Build.0 = Release|x86
		{449591A6-F24A-437D-857A-212BEF68E4D2}.AppStore|Any CPU.Deploy.0 = Release|x86
		{449591A6-F24A-437D-857A-212BEF68E4D2}.AppStore|ARM.ActiveCfg = Release|ARM
		{449591A6-F24A-437D-857A-212BEF68E4D2}.AppStore|ARM.Build.0 = Release|ARM
		{449591A6-F24A-437D-857A-212BEF68E4D2}.AppStore|ARM.Deploy.0 = Release|ARM
		{449591A6-F24A-437D-857A-212BEF68E4D2}.AppStore|iPhone.ActiveCfg = Release|x86
		{449591A6-F24A-437D-857A-212BEF68E4D2}.AppStore|iPhone.Build.0 = Release|x86
		{449591A6-F24A-437D-857A-212BEF68E4D2}.AppStore|iPhone.Deploy.0 = Release|x86
		{449591A6-F24A-437D-857A-212BEF68E4D2}.AppStore|iPhoneSimulator.ActiveCfg = Release|x86
		{449591A6-F24A-437D-857A-212BEF68E4D2}.AppStore|iPhoneSimulator.Build.0 = Release|x86
		{449591A6-F24A-437D-857A-212BEF68E4D2}.AppStore|iPhoneSimulator.Deploy.0 = Release|x86
		{449591A6-F24A-437D-857A-212BEF68E4D2}.AppStore|Mixed Platforms.ActiveCfg = Release|x86
		{449591A6-F24A-437D-857A-212BEF68E4D2}.AppStore|Mixed Platforms.Build.0 = Release|x86
		{449591A6-F24A-437D-857A-212BEF68E4D2}.AppStore|Mixed Platforms.Deploy.0 = Release|x86
		{449591A6-F24A-437D-857A-212BEF68E4D2}.AppStore|x64.ActiveCfg = Release|x64
		{449591A6-F24A-437D-857A-212BEF68E4D2}.AppStore|x64.Build.0 = Release|x64
		{449591A6-F24A-437D-857A-212BEF68E4D2}.AppStore|x64.Deploy.0 = Release|x64
		{449591A6-F24A-437D-857A-212BEF68E4D2}.AppStore|x86.ActiveCfg = Release|x86
		{449591A6-F24A-437D-857A-212BEF68E4D2}.AppStore|x86.Build.0 = Release|x86
		{449591A6-F24A-437D-857A-212BEF68E4D2}.AppStore|x86.Deploy.0 = Release|x86
		{449591A6-F24A-437D-857A-212BEF68E4D2}.Debug|Android.ActiveCfg = Debug|x86
		{449591A6-F24A-437D-857A-212BEF68E4D2}.Debug|Any CPU.ActiveCfg = Debug|x86
		{449591A6-F24A-437D-857A-212BEF68E4D2}.Debug|ARM.ActiveCfg = Debug|ARM
		{449591A6-F24A-437D-857A-212BEF68E4D2}.Debug|ARM.Build.0 = Debug|ARM
		{449591A6-F24A-437D-857A-212BEF68E4D2}.Debug|ARM.Deploy.0 = Debug|ARM
		{449591A6-F24A-437D-857A-212BEF68E4D2}.Debug|iPhone.ActiveCfg = Debug|x86
		{449591A6-F24A-437D-857A-212BEF68E4D2}.Debug|iPhoneSimulator.ActiveCfg = Debug|x86
		{449591A6-F24A-437D-857A-212BEF68E4D2}.Debug|Mixed Platforms.ActiveCfg = Debug|x86
		{449591A6-F24A-437D-857A-212BEF68E4D2}.Debug|Mixed Platforms.Build.0 = Debug|x86
		{449591A6-F24A-437D-857A-212BEF68E4D2}.Debug|Mixed Platforms.Deploy.0 = Debug|x86
		{449591A6-F24A-437D-857A-212BEF68E4D2}.Debug|x64.ActiveCfg = Debug|x64
		{449591A6-F24A-437D-857A-212BEF68E4D2}.Debug|x64.Build.0 = Debug|x64
		{449591A6-F24A-437D-857A-212BEF68E4D2}.Debug|x64.Deploy.0 = Debug|x64
		{449591A6-F24A-437D-857A-212BEF68E4D2}.Debug|x86.ActiveCfg = Debug|x86
		{449591A6-F24A-437D-857A-212BEF68E4D2}.Debug|x86.Build.0 = Debug|x86
		{449591A6-F24A-437D-857A-212BEF68E4D2}.Debug|x86.Deploy.0 = Debug|x86
		{449591A6-F24A-437D-857A-212BEF68E4D2}.Release|Android.ActiveCfg = Release|x86
		{449591A6-F24A-437D-857A-212BEF68E4D2}.Release|Any CPU.ActiveCfg = Release|x86
		{449591A6-F24A-437D-857A-212BEF68E4D2}.Release|ARM.ActiveCfg = Release|ARM
		{449591A6-F24A-437D-857A-212BEF68E4D2}.Release|ARM.Build.0 = Release|ARM
		{449591A6-F24A-437D-857A-212BEF68E4D2}.Release|ARM.Deploy.0 = Release|ARM
		{449591A6-F24A-437D-857A-212BEF68E4D2}.Release|iPhone.ActiveCfg = Release|x86
		{449591A6-F24A-437D-857A-212BEF68E4D2}.Release|iPhoneSimulator.ActiveCfg = Release|x86
		{449591A6-F24A-437D-857A-212BEF68E4D2}.Release|Mixed Platforms.ActiveCfg = Release|x86
		{449591A6-F24A-437D-857A-212BEF68E4D2}.Release|Mixed Platforms.Build.0 = Release|x86
		{449591A6-F24A-437D-857A-212BEF68E4D2}.Release|Mixed Platforms.Deploy.0 = Release|x86
		{449591A6-F24A-437D-857A-212BEF68E4D2}.Release|x64.ActiveCfg = Release|x64
		{449591A6-F24A-437D-857A-212BEF68E4D2}.Release|x64.Build.0 = Release|x64
		{449591A6-F24A-437D-857A-212BEF68E4D2}.Release|x64.Deploy.0 = Release|x64
		{449591A6-F24A-437D-857A-212BEF68E4D2}.Release|x86.ActiveCfg = Release|x86
		{449591A6-F24A-437D-857A-212BEF68E4D2}.Release|x86.Build.0 = Release|x86
		{449591A6-F24A-437D-857A-212BEF68E4D2}.Release|x86.Deploy.0 = Release|x86
	EndGlobalSection
	GlobalSection(SolutionProperties) = preSolution
		HideSolutionNode = FALSE
	EndGlobalSection
	GlobalSection(NestedProjects) = preSolution
		{2D8BA8A7-F160-46B1-AFFD-78D29AECA2AB} = {A191414B-EAFA-42AF-953A-FEBA684922DB}
		{9BFC3BC4-AA65-49FA-9BBD-5641D1FCAF3A} = {A191414B-EAFA-42AF-953A-FEBA684922DB}
		{1CF66238-8649-4857-82F5-80DB7CF30754} = {A191414B-EAFA-42AF-953A-FEBA684922DB}
		{257D4DD7-575C-47A7-9781-2AA3D64F42CC} = {A191414B-EAFA-42AF-953A-FEBA684922DB}
		{88CD6F84-4568-4DE2-A414-D05AD6C221B0} = {A191414B-EAFA-42AF-953A-FEBA684922DB}
		{E6284EB0-BDB0-4D38-AFC4-ECDC7BFF6D6E} = {A191414B-EAFA-42AF-953A-FEBA684922DB}
		{449591A6-F24A-437D-857A-212BEF68E4D2} = {A191414B-EAFA-42AF-953A-FEBA684922DB}
	EndGlobalSection
	GlobalSection(MonoDevelopProperties) = preSolution
		Policies = $0
		$0.TextStylePolicy = $1
		$1.inheritsSet = VisualStudio
		$1.inheritsScope = text/plain
		$1.scope = text/x-csharp
		$0.CSharpFormattingPolicy = $2
		$2.IndentSwitchBody = True
		$2.IndentBlocksInsideExpressions = True
		$2.AnonymousMethodBraceStyle = NextLine
		$2.PropertyBraceStyle = NextLine
		$2.PropertyGetBraceStyle = NextLine
		$2.PropertySetBraceStyle = NextLine
		$2.EventBraceStyle = NextLine
		$2.EventAddBraceStyle = NextLine
		$2.EventRemoveBraceStyle = NextLine
		$2.StatementBraceStyle = NextLine
		$2.ElseNewLinePlacement = NewLine
		$2.CatchNewLinePlacement = NewLine
		$2.FinallyNewLinePlacement = NewLine
		$2.WhileNewLinePlacement = DoNotCare
		$2.ArrayInitializerWrapping = DoNotChange
		$2.ArrayInitializerBraceStyle = NextLine
		$2.BeforeMethodDeclarationParentheses = False
		$2.BeforeMethodCallParentheses = False
		$2.BeforeConstructorDeclarationParentheses = False
		$2.NewLineBeforeConstructorInitializerColon = NewLine
		$2.NewLineAfterConstructorInitializerColon = SameLine
		$2.BeforeDelegateDeclarationParentheses = False
		$2.NewParentheses = False
		$2.SpacesBeforeBrackets = False
		$2.inheritsSet = Mono
		$2.inheritsScope = text/x-csharp
		$2.scope = text/x-csharp
	EndGlobalSection
EndGlobal
